{
  "version": 4,
  "terraform_version": "1.6.6",
  "serial": 1229,
  "lineage": "0d404685-9a71-7d5b-4717-fdae97997f25",
  "outputs": {
    "bastion-sg": {
      "value": {
        "arn": "arn:aws:ec2:ca-central-1:888659321129:security-group/sg-07e012f8cc6c63c0e",
        "description": "Bastion-host-sg",
        "egress": [
          {
            "cidr_blocks": [
              "0.0.0.0/0"
            ],
            "description": "",
            "from_port": 0,
            "ipv6_cidr_blocks": [],
            "prefix_list_ids": [],
            "protocol": "-1",
            "security_groups": [],
            "self": false,
            "to_port": 0
          }
        ],
        "id": "sg-07e012f8cc6c63c0e",
        "ingress": [
          {
            "cidr_blocks": [
              "185.173.204.101/32"
            ],
            "description": "",
            "from_port": 22,
            "ipv6_cidr_blocks": [],
            "prefix_list_ids": [],
            "protocol": "tcp",
            "security_groups": [],
            "self": false,
            "to_port": 22
          }
        ],
        "name": "bastion-host",
        "name_prefix": "",
        "owner_id": "888659321129",
        "revoke_rules_on_delete": false,
        "tags": {},
        "tags_all": {},
        "timeouts": null,
        "vpc_id": "vpc-01bd9bc60f8708d50"
      },
      "type": [
        "object",
        {
          "arn": "string",
          "description": "string",
          "egress": [
            "set",
            [
              "object",
              {
                "cidr_blocks": [
                  "list",
                  "string"
                ],
                "description": "string",
                "from_port": "number",
                "ipv6_cidr_blocks": [
                  "list",
                  "string"
                ],
                "prefix_list_ids": [
                  "list",
                  "string"
                ],
                "protocol": "string",
                "security_groups": [
                  "set",
                  "string"
                ],
                "self": "bool",
                "to_port": "number"
              }
            ]
          ],
          "id": "string",
          "ingress": [
            "set",
            [
              "object",
              {
                "cidr_blocks": [
                  "list",
                  "string"
                ],
                "description": "string",
                "from_port": "number",
                "ipv6_cidr_blocks": [
                  "list",
                  "string"
                ],
                "prefix_list_ids": [
                  "list",
                  "string"
                ],
                "protocol": "string",
                "security_groups": [
                  "set",
                  "string"
                ],
                "self": "bool",
                "to_port": "number"
              }
            ]
          ],
          "name": "string",
          "name_prefix": "string",
          "owner_id": "string",
          "revoke_rules_on_delete": "bool",
          "tags": [
            "map",
            "string"
          ],
          "tags_all": [
            "map",
            "string"
          ],
          "timeouts": [
            "object",
            {
              "create": "string",
              "delete": "string"
            }
          ],
          "vpc_id": "string"
        }
      ]
    }
  },
  "resources": [
    {
      "mode": "managed",
      "type": "aws_key_pair",
      "name": "abkey",
      "provider": "provider[\"registry.terraform.io/hashicorp/aws\"]",
      "instances": [
        {
          "schema_version": 1,
          "attributes": {
            "arn": "arn:aws:ec2:ca-central-1:888659321129:key-pair/abkey",
            "fingerprint": "4c:f0:1e:f3:bd:75:fa:33:7d:2c:4e:91:f9:26:0c:6b",
            "id": "abkey",
            "key_name": "abkey",
            "key_name_prefix": "",
            "key_pair_id": "key-0d0828f5c5dcb3c52",
            "key_type": "rsa",
            "public_key": "ssh-rsa AAAAB3NzaC1yc2EAAAADAQABAAACAQCX3uVDMUvZhieVPSElzOsCd+UdzppmrrcTkkJuLVtfZvydhgWtK7T2G6ZlsZj0BiPiCh36ZDPdB6X0Z5GKMAD1WHic/FdR1wAYUtYKUIurbRMDo7h4IwEEvmGVVr6f/5+lZaGSrVOQms73ugzHjx0uJkwU105UZE2CLMaebZgNfqcpTL6b/DWb9xyzxK9cMPANYJuJPNeio23lu1lRQ3bJaYjyZ1Wu5RSFpIxddk3sgIYHQdT+lUDMHbauPxyorrfumUS2SfzOUYbdvB0sf5fsxdgLB0+Ds5XwEiZe2rMVC6LEhfO0GYNoqW4NeN6kF6ENSW1Ps9v/5kNVnhRuA1cROtF1IyS703mZwId/oyMHkmEZ8ReA3Mubm1+uAbXuIRk8qYyvjlZaI2ziY8SQpGzRITanPRxRGjz16KFw817SYzXkUbfB3cudYTJ+m3R0tAfscpFLOQUPzTu5zBg1THYQ0HRExoJCLWK2AIIQvH1hrrA/RYMnOSwEJK7pKfpKEouHemQK5ekJyP+0+NKPlSiXypJ1frdpF7TzN1RglH0Kyqr1TixEEkNtbFbW8nc0W6lYl1JlpdEKgV8p/TuZG3GLdz6EoCZzY/aY6fnixCJNmG7UJZr6opDEb+hOrKktVwTk1ybiOZU8Y8sxgrxosO44O/8X+QGd0dE6Pp/mmhPbQw==",
            "tags": {},
            "tags_all": {}
          },
          "sensitive_attributes": [],
          "private": "eyJzY2hlbWFfdmVyc2lvbiI6IjEifQ==",
          "dependencies": [
            "tls_private_key.rsa"
          ]
        }
      ]
    },
    {
      "mode": "managed",
      "type": "aws_s3_bucket",
      "name": "ecommercedajmox",
      "provider": "provider[\"registry.terraform.io/hashicorp/aws\"]",
      "instances": [
        {
          "schema_version": 0,
          "attributes": {
            "acceleration_status": "",
            "acl": null,
            "arn": "arn:aws:s3:::ecommercedajmox",
            "bucket": "ecommercedajmox",
            "bucket_domain_name": "ecommercedajmox.s3.amazonaws.com",
            "bucket_prefix": "",
            "bucket_regional_domain_name": "ecommercedajmox.s3.ca-central-1.amazonaws.com",
            "cors_rule": [],
            "force_destroy": false,
            "grant": [
              {
                "id": "789ae9191d4755b04fbaff77fc28cd0c72d746a4b2f3faa28b236f2de12a3ab3",
                "permissions": [
                  "FULL_CONTROL"
                ],
                "type": "CanonicalUser",
                "uri": ""
              }
            ],
            "hosted_zone_id": "Z1QDHH18159H29",
            "id": "ecommercedajmox",
            "lifecycle_rule": [],
            "logging": [],
            "object_lock_configuration": [],
            "object_lock_enabled": false,
            "policy": "",
            "region": "ca-central-1",
            "replication_configuration": [],
            "request_payer": "BucketOwner",
            "server_side_encryption_configuration": [
              {
                "rule": [
                  {
                    "apply_server_side_encryption_by_default": [
                      {
                        "kms_master_key_id": "",
                        "sse_algorithm": "AES256"
                      }
                    ],
                    "bucket_key_enabled": false
                  }
                ]
              }
            ],
            "tags": {
              "Environment": "Dev",
              "Name": "ecommercedajmox"
            },
            "tags_all": {
              "Environment": "Dev",
              "Name": "ecommercedajmox"
            },
            "timeouts": null,
            "versioning": [
              {
                "enabled": false,
                "mfa_delete": false
              }
            ],
            "website": [],
            "website_domain": null,
            "website_endpoint": null
          },
          "sensitive_attributes": [],
          "private": "eyJlMmJmYjczMC1lY2FhLTExZTYtOGY4OC0zNDM2M2JjN2M0YzAiOnsiY3JlYXRlIjoxMjAwMDAwMDAwMDAwLCJkZWxldGUiOjM2MDAwMDAwMDAwMDAsInJlYWQiOjEyMDAwMDAwMDAwMDAsInVwZGF0ZSI6MTIwMDAwMDAwMDAwMH19"
        }
      ]
    },
    {
      "mode": "managed",
      "type": "local_file",
      "name": "abkey",
      "provider": "provider[\"registry.terraform.io/hashicorp/local\"]",
      "instances": [
        {
          "schema_version": 0,
          "attributes": {
            "content": "-----BEGIN OPENSSH PRIVATE KEY-----\nb3BlbnNzaC1rZXktdjEAAAAABG5vbmUAAAAEbm9uZQAAAAAAAAABAAACFwAAAAdz\nc2gtcnNhAAAAAwEAAQAAAgEAl97lQzFL2YYnlT0hJczrAnflHc6aZq63E5JCbi1b\nX2b8nYYFrSu09humZbGY9AYj4god+mQz3Qel9GeRijAA9Vh4nPxXUdcAGFLWClCL\nq20TA6O4eCMBBL5hlVa+n/+fpWWhkq1TkJrO97oMx48dLiZMFNdOVGRNgizGnm2Y\nDX6nKUy+m/w1m/ccs8SvXDDwDWCbiTzXoqNt5btZUUN2yWmI8mdVruUUhaSMXXZN\n7ICGB0HU/pVAzB22rj8cqK637plEtkn8zlGG3bwdLH+X7MXYCwdPg7OV8BImXtqz\nFQuixIXztBmDaKluDXjepBehDUltT7Pb/+ZDVZ4UbgNXETrRdSMku9N5mcCHf6Mj\nB5JhGfEXgNzLm5tfrgG17iEZPKmMr45WWiNs4mPEkKRs0SE2pz0cURo89eihcPNe\n0mM15FG3wd3LnWEyfpt0dLQH7HKRSzkFD807ucwYNUx2ENB0RMaCQi1itgCCELx9\nYa6wP0WDJzksBCSu6Sn6ShKLh3pkCuXpCcj/tPjSj5Uol8qSdX63aRe08zdUYJR9\nCsqq9U4sRBJDbWxW1vJ3NFupWJdSZaXRCoFfKf07mRtxi3c+hKAmc2P2mOn54sQi\nTZhu1CWa+qKQxG/oTqypLVcE5Ncm4jmVPGPLMYK8aLDuODv/F/kBndHROj6f5poT\n20MAAAc4uKnPHLipzxwAAAAHc3NoLXJzYQAAAgEAl97lQzFL2YYnlT0hJczrAnfl\nHc6aZq63E5JCbi1bX2b8nYYFrSu09humZbGY9AYj4god+mQz3Qel9GeRijAA9Vh4\nnPxXUdcAGFLWClCLq20TA6O4eCMBBL5hlVa+n/+fpWWhkq1TkJrO97oMx48dLiZM\nFNdOVGRNgizGnm2YDX6nKUy+m/w1m/ccs8SvXDDwDWCbiTzXoqNt5btZUUN2yWmI\n8mdVruUUhaSMXXZN7ICGB0HU/pVAzB22rj8cqK637plEtkn8zlGG3bwdLH+X7MXY\nCwdPg7OV8BImXtqzFQuixIXztBmDaKluDXjepBehDUltT7Pb/+ZDVZ4UbgNXETrR\ndSMku9N5mcCHf6MjB5JhGfEXgNzLm5tfrgG17iEZPKmMr45WWiNs4mPEkKRs0SE2\npz0cURo89eihcPNe0mM15FG3wd3LnWEyfpt0dLQH7HKRSzkFD807ucwYNUx2ENB0\nRMaCQi1itgCCELx9Ya6wP0WDJzksBCSu6Sn6ShKLh3pkCuXpCcj/tPjSj5Uol8qS\ndX63aRe08zdUYJR9Csqq9U4sRBJDbWxW1vJ3NFupWJdSZaXRCoFfKf07mRtxi3c+\nhKAmc2P2mOn54sQiTZhu1CWa+qKQxG/oTqypLVcE5Ncm4jmVPGPLMYK8aLDuODv/\nF/kBndHROj6f5poT20MAAAADAQABAAACAQCBA8+LZ0NiRP83XrjcHdq/PA8dZTfx\nZxcLv0JDyrBGuXx8bTBBTlHqiM6wsVCYbObqzWFuJtWQPUEUAS+4TtNhmYjNA+lC\nEv13rFc8Z/Re6sguXVUGaeYhm4HWldxWm5eJsG6z5h6JR5nvBNR6au+FFu+m/MkE\nFDlsDpGkYMG9JQzontOGO5lnJ2Pwq3O1Q7WKB7nZuiANf/yKHr/fswokTE0UcAhw\nDReD+KdtdmT4Nq6lV52TsENdoxhfqim0esiyHu4qVWw38TY7A+Vcuf/cGq5PoCRC\nY7tKOID0L6HWjQ33GTxQkSP7M4PUWgv5JkGgwfHktYx9NaWaBDKiyp+ZKl4Sq3PP\n23Em9F0Luhf9Uj2suc0U8wXxaTjyQKQAcg2f0kwP5pvzIURfu4vqZVBsGDLs4Tdu\ntAGDXZpYDsnyV34NUYuLXxjsslPKb4SkqK3MsProSyotvgmRXz7EHb2Nb1aSK7I4\nTj6rcuiFJDivYCWOVNnyKugM+eWIlri1RLjUHWAGSaDYH0cE/rPzKxenZCZ8U4M9\nSXfR6tOXKBPfrhNBs3Dp4ArUOnZEp26h55L3Eee9k6aXvBQw67tWrCBG2jlDb966\n1q5HHjlvX8t5A9NVQNyersyXNNXola2oHuUwhJS5s52WGHLmP3yn0AmT+/xM0EuW\nzys5SSIy96m2IQAAAQEAx6BfKySe23NX0+iC3ZYJWtKDnDFFEkD5b+vY1HSIQWn8\nfmrE1TdAVfStsXGAJB0dSEbkkkL7GYauLUKUoqh0GEtbbZfFen+ZZCFSyYVnVKwr\nX7nCDbSkxkcw3T/hSf+6KIUeeR+RxXYTbhO6t60rwDOSmnR2RLR2qIVrLcgoyeKa\nB3RsLQwLTD0T8yF4uz5MvSf8DJlU6yLdAohbqU5CmY7+frcObhP+YLoUgiB7sYrS\nqi76Qw1VB7Kn6T4BUxWUFZaIV50YDUvDvklYJdhAZTyAObc1glaOUAr+HowIjGFd\nOzjPrc2y9VNVYEdStfUfi3NXjGqoSbO4gH7MJwKF4AAAAQEAydem9DLzomuh5z/C\njytp0NPCAgmRELCC5m5glgcWCKkZSQ0dWVWSJ9oRj1VtGWxATNdX08QyQfjZl8XY\nd5r8m1DG5Z5mKewNfQISTfqHIyi/NjFKLhkKugg8+F8RSSd+3ZWN2xrWgsU5r4xk\n+YnqB6z26e3MBUHHg1YbQ3vNZtzJx9G+ENnSPFwoObMxq1ZJ3CfOrgSCH20p8U16\nkHPTAAZnndKbMXx4U9jizlpymeyksT5yW/acHDBqMSqlLmDks5CzkeslTFSulPXf\nECuUHhldSYlRS529a0cbnNDGevmGnkcXnWhqD59Q122Ay1kB7iPTWDE/VJd+jjaF\ndY+siQAAAQEAwJ686ivvGIXskSclaj/GGX4ed8vnNRZ3/pXt8hGXCjhYILjMo0lx\nbgsU4izXoVrZdbfk45cnJtbLxMnzBqPDFk+RkxZ5vC96zFvrIh6ZCSiTdZjJM6tD\ni4xdQIjHn6Wp62u+VKLy5bTrX7Oc7vvyxRcGbUtd2PF5lY4FhzanbWLBrbvJXxU5\nL46SUiQTdF7eeysATirPcTU4tmQHy69aFcz0SjGhhDsKz8Yae3HO42avl0B9qQRJ\nbo3YMg2TbkUfHYJBPxKsEFNONjk+up45UfXHse6D1InikPPLgNJoG5OF+q61gLVv\ncvJ4dDCpgVqq9AQBIhObqPtXvbZFIY1OawAAAAAB\n-----END OPENSSH PRIVATE KEY-----\n",
            "content_base64": null,
            "content_base64sha256": "o9pECHpdERb5OdrfN2PjOPOS7DxW5biHIygyM3gKdk0=",
            "content_base64sha512": "YN+3bDlshSjNehYpYeBtyCnNrvDiS87F0J/0bJceLSf4TgU3SxXNnTLPk8oniIYHfswqIepf9ygP+9ZgTk1ZWw==",
            "content_md5": "adc3fe4c09ad4ea9d00272a074cfa9fd",
            "content_sha1": "52e0cec026fdbc8e8810319ff74500c5f312e76f",
            "content_sha256": "a3da44087a5d1116f939dadf3763e338f392ec3c56e5b88723283233780a764d",
            "content_sha512": "60dfb76c396c8528cd7a162961e06dc829cdaef0e24bcec5d09ff46c971e2d27f84e05374b15cd9d32cf93ca278886077ecc2a21ea5ff7280ffbd6604e4d595b",
            "directory_permission": "0777",
            "file_permission": "0777",
            "filename": "abkey",
            "id": "52e0cec026fdbc8e8810319ff74500c5f312e76f",
            "sensitive_content": null,
            "source": null
          },
          "sensitive_attributes": [
            [
              {
                "type": "get_attr",
                "value": "content"
              }
            ]
          ],
          "dependencies": [
            "tls_private_key.rsa"
          ]
        }
      ]
    },
    {
      "mode": "managed",
      "type": "tls_private_key",
      "name": "rsa",
      "provider": "provider[\"registry.terraform.io/hashicorp/tls\"]",
      "instances": [
        {
          "schema_version": 1,
          "attributes": {
            "algorithm": "RSA",
            "ecdsa_curve": "P224",
            "id": "e8033ffd982e2e973ed92436f5f30444e8fa6aac",
            "private_key_openssh": "-----BEGIN OPENSSH PRIVATE KEY-----\nb3BlbnNzaC1rZXktdjEAAAAABG5vbmUAAAAEbm9uZQAAAAAAAAABAAACFwAAAAdz\nc2gtcnNhAAAAAwEAAQAAAgEAl97lQzFL2YYnlT0hJczrAnflHc6aZq63E5JCbi1b\nX2b8nYYFrSu09humZbGY9AYj4god+mQz3Qel9GeRijAA9Vh4nPxXUdcAGFLWClCL\nq20TA6O4eCMBBL5hlVa+n/+fpWWhkq1TkJrO97oMx48dLiZMFNdOVGRNgizGnm2Y\nDX6nKUy+m/w1m/ccs8SvXDDwDWCbiTzXoqNt5btZUUN2yWmI8mdVruUUhaSMXXZN\n7ICGB0HU/pVAzB22rj8cqK637plEtkn8zlGG3bwdLH+X7MXYCwdPg7OV8BImXtqz\nFQuixIXztBmDaKluDXjepBehDUltT7Pb/+ZDVZ4UbgNXETrRdSMku9N5mcCHf6Mj\nB5JhGfEXgNzLm5tfrgG17iEZPKmMr45WWiNs4mPEkKRs0SE2pz0cURo89eihcPNe\n0mM15FG3wd3LnWEyfpt0dLQH7HKRSzkFD807ucwYNUx2ENB0RMaCQi1itgCCELx9\nYa6wP0WDJzksBCSu6Sn6ShKLh3pkCuXpCcj/tPjSj5Uol8qSdX63aRe08zdUYJR9\nCsqq9U4sRBJDbWxW1vJ3NFupWJdSZaXRCoFfKf07mRtxi3c+hKAmc2P2mOn54sQi\nTZhu1CWa+qKQxG/oTqypLVcE5Ncm4jmVPGPLMYK8aLDuODv/F/kBndHROj6f5poT\n20MAAAc4uKnPHLipzxwAAAAHc3NoLXJzYQAAAgEAl97lQzFL2YYnlT0hJczrAnfl\nHc6aZq63E5JCbi1bX2b8nYYFrSu09humZbGY9AYj4god+mQz3Qel9GeRijAA9Vh4\nnPxXUdcAGFLWClCLq20TA6O4eCMBBL5hlVa+n/+fpWWhkq1TkJrO97oMx48dLiZM\nFNdOVGRNgizGnm2YDX6nKUy+m/w1m/ccs8SvXDDwDWCbiTzXoqNt5btZUUN2yWmI\n8mdVruUUhaSMXXZN7ICGB0HU/pVAzB22rj8cqK637plEtkn8zlGG3bwdLH+X7MXY\nCwdPg7OV8BImXtqzFQuixIXztBmDaKluDXjepBehDUltT7Pb/+ZDVZ4UbgNXETrR\ndSMku9N5mcCHf6MjB5JhGfEXgNzLm5tfrgG17iEZPKmMr45WWiNs4mPEkKRs0SE2\npz0cURo89eihcPNe0mM15FG3wd3LnWEyfpt0dLQH7HKRSzkFD807ucwYNUx2ENB0\nRMaCQi1itgCCELx9Ya6wP0WDJzksBCSu6Sn6ShKLh3pkCuXpCcj/tPjSj5Uol8qS\ndX63aRe08zdUYJR9Csqq9U4sRBJDbWxW1vJ3NFupWJdSZaXRCoFfKf07mRtxi3c+\nhKAmc2P2mOn54sQiTZhu1CWa+qKQxG/oTqypLVcE5Ncm4jmVPGPLMYK8aLDuODv/\nF/kBndHROj6f5poT20MAAAADAQABAAACAQCBA8+LZ0NiRP83XrjcHdq/PA8dZTfx\nZxcLv0JDyrBGuXx8bTBBTlHqiM6wsVCYbObqzWFuJtWQPUEUAS+4TtNhmYjNA+lC\nEv13rFc8Z/Re6sguXVUGaeYhm4HWldxWm5eJsG6z5h6JR5nvBNR6au+FFu+m/MkE\nFDlsDpGkYMG9JQzontOGO5lnJ2Pwq3O1Q7WKB7nZuiANf/yKHr/fswokTE0UcAhw\nDReD+KdtdmT4Nq6lV52TsENdoxhfqim0esiyHu4qVWw38TY7A+Vcuf/cGq5PoCRC\nY7tKOID0L6HWjQ33GTxQkSP7M4PUWgv5JkGgwfHktYx9NaWaBDKiyp+ZKl4Sq3PP\n23Em9F0Luhf9Uj2suc0U8wXxaTjyQKQAcg2f0kwP5pvzIURfu4vqZVBsGDLs4Tdu\ntAGDXZpYDsnyV34NUYuLXxjsslPKb4SkqK3MsProSyotvgmRXz7EHb2Nb1aSK7I4\nTj6rcuiFJDivYCWOVNnyKugM+eWIlri1RLjUHWAGSaDYH0cE/rPzKxenZCZ8U4M9\nSXfR6tOXKBPfrhNBs3Dp4ArUOnZEp26h55L3Eee9k6aXvBQw67tWrCBG2jlDb966\n1q5HHjlvX8t5A9NVQNyersyXNNXola2oHuUwhJS5s52WGHLmP3yn0AmT+/xM0EuW\nzys5SSIy96m2IQAAAQEAx6BfKySe23NX0+iC3ZYJWtKDnDFFEkD5b+vY1HSIQWn8\nfmrE1TdAVfStsXGAJB0dSEbkkkL7GYauLUKUoqh0GEtbbZfFen+ZZCFSyYVnVKwr\nX7nCDbSkxkcw3T/hSf+6KIUeeR+RxXYTbhO6t60rwDOSmnR2RLR2qIVrLcgoyeKa\nB3RsLQwLTD0T8yF4uz5MvSf8DJlU6yLdAohbqU5CmY7+frcObhP+YLoUgiB7sYrS\nqi76Qw1VB7Kn6T4BUxWUFZaIV50YDUvDvklYJdhAZTyAObc1glaOUAr+HowIjGFd\nOzjPrc2y9VNVYEdStfUfi3NXjGqoSbO4gH7MJwKF4AAAAQEAydem9DLzomuh5z/C\njytp0NPCAgmRELCC5m5glgcWCKkZSQ0dWVWSJ9oRj1VtGWxATNdX08QyQfjZl8XY\nd5r8m1DG5Z5mKewNfQISTfqHIyi/NjFKLhkKugg8+F8RSSd+3ZWN2xrWgsU5r4xk\n+YnqB6z26e3MBUHHg1YbQ3vNZtzJx9G+ENnSPFwoObMxq1ZJ3CfOrgSCH20p8U16\nkHPTAAZnndKbMXx4U9jizlpymeyksT5yW/acHDBqMSqlLmDks5CzkeslTFSulPXf\nECuUHhldSYlRS529a0cbnNDGevmGnkcXnWhqD59Q122Ay1kB7iPTWDE/VJd+jjaF\ndY+siQAAAQEAwJ686ivvGIXskSclaj/GGX4ed8vnNRZ3/pXt8hGXCjhYILjMo0lx\nbgsU4izXoVrZdbfk45cnJtbLxMnzBqPDFk+RkxZ5vC96zFvrIh6ZCSiTdZjJM6tD\ni4xdQIjHn6Wp62u+VKLy5bTrX7Oc7vvyxRcGbUtd2PF5lY4FhzanbWLBrbvJXxU5\nL46SUiQTdF7eeysATirPcTU4tmQHy69aFcz0SjGhhDsKz8Yae3HO42avl0B9qQRJ\nbo3YMg2TbkUfHYJBPxKsEFNONjk+up45UfXHse6D1InikPPLgNJoG5OF+q61gLVv\ncvJ4dDCpgVqq9AQBIhObqPtXvbZFIY1OawAAAAAB\n-----END OPENSSH PRIVATE KEY-----\n",
            "private_key_pem": "-----BEGIN RSA PRIVATE KEY-----\nMIIJKgIBAAKCAgEAl97lQzFL2YYnlT0hJczrAnflHc6aZq63E5JCbi1bX2b8nYYF\nrSu09humZbGY9AYj4god+mQz3Qel9GeRijAA9Vh4nPxXUdcAGFLWClCLq20TA6O4\neCMBBL5hlVa+n/+fpWWhkq1TkJrO97oMx48dLiZMFNdOVGRNgizGnm2YDX6nKUy+\nm/w1m/ccs8SvXDDwDWCbiTzXoqNt5btZUUN2yWmI8mdVruUUhaSMXXZN7ICGB0HU\n/pVAzB22rj8cqK637plEtkn8zlGG3bwdLH+X7MXYCwdPg7OV8BImXtqzFQuixIXz\ntBmDaKluDXjepBehDUltT7Pb/+ZDVZ4UbgNXETrRdSMku9N5mcCHf6MjB5JhGfEX\ngNzLm5tfrgG17iEZPKmMr45WWiNs4mPEkKRs0SE2pz0cURo89eihcPNe0mM15FG3\nwd3LnWEyfpt0dLQH7HKRSzkFD807ucwYNUx2ENB0RMaCQi1itgCCELx9Ya6wP0WD\nJzksBCSu6Sn6ShKLh3pkCuXpCcj/tPjSj5Uol8qSdX63aRe08zdUYJR9Csqq9U4s\nRBJDbWxW1vJ3NFupWJdSZaXRCoFfKf07mRtxi3c+hKAmc2P2mOn54sQiTZhu1CWa\n+qKQxG/oTqypLVcE5Ncm4jmVPGPLMYK8aLDuODv/F/kBndHROj6f5poT20MCAwEA\nAQKCAgEAgQPPi2dDYkT/N1643B3avzwPHWU38WcXC79CQ8qwRrl8fG0wQU5R6ojO\nsLFQmGzm6s1hbibVkD1BFAEvuE7TYZmIzQPpQhL9d6xXPGf0XurILl1VBmnmIZuB\n1pXcVpuXibBus+YeiUeZ7wTUemrvhRbvpvzJBBQ5bA6RpGDBvSUM6J7ThjuZZydj\n8KtztUO1ige52bogDX/8ih6/37MKJExNFHAIcA0Xg/inbXZk+DaupVedk7BDXaMY\nX6optHrIsh7uKlVsN/E2OwPlXLn/3BquT6AkQmO7SjiA9C+h1o0N9xk8UJEj+zOD\n1FoL+SZBoMHx5LWMfTWlmgQyosqfmSpeEqtzz9txJvRdC7oX/VI9rLnNFPMF8Wk4\n8kCkAHINn9JMD+ab8yFEX7uL6mVQbBgy7OE3brQBg12aWA7J8ld+DVGLi18Y7LJT\nym+EpKitzLD66EsqLb4JkV8+xB29jW9WkiuyOE4+q3LohSQ4r2AljlTZ8iroDPnl\niJa4tUS41B1gBkmg2B9HBP6z8ysXp2QmfFODPUl30erTlygT364TQbNw6eAK1Dp2\nRKduoeeS9xHnvZOml7wUMOu7VqwgRto5Q2/eutauRx45b1/LeQPTVUDcnq7MlzTV\n6JWtqB7lMISUubOdlhhy5j98p9AJk/v8TNBLls8rOUkiMveptiECggEBAMnXpvQy\n86Jroec/wo8radDTwgIJkRCwguZuYJYHFgipGUkNHVlVkifaEY9VbRlsQEzXV9PE\nMkH42ZfF2Hea/JtQxuWeZinsDX0CEk36hyMovzYxSi4ZCroIPPhfEUknft2Vjdsa\n1oLFOa+MZPmJ6ges9untzAVBx4NWG0N7zWbcycfRvhDZ0jxcKDmzMatWSdwnzq4E\ngh9tKfFNepBz0wAGZ53SmzF8eFPY4s5acpnspLE+clv2nBwwajEqpS5g5LOQs5Hr\nJUxUrpT13xArlB4ZXUmJUUudvWtHG5zQxnr5hp5HF51oag+fUNdtgMtZAe4j01gx\nP1SXfo42hXWPrIkCggEBAMCevOor7xiF7JEnJWo/xhl+HnfL5zUWd/6V7fIRlwo4\nWCC4zKNJcW4LFOIs16Fa2XW35OOXJybWy8TJ8wajwxZPkZMWebwvesxb6yIemQko\nk3WYyTOrQ4uMXUCIx5+lqetrvlSi8uW061+znO778sUXBm1LXdjxeZWOBYc2p21i\nwa27yV8VOS+OklIkE3Re3nsrAE4qz3E1OLZkB8uvWhXM9EoxoYQ7Cs/GGntxzuNm\nr5dAfakESW6N2DINk25FHx2CQT8SrBBTTjY5PrqeOVH1x7Hug9SJ4pDzy4DSaBuT\nhfqutYC1b3LyeHQwqYFaqvQEASITm6j7V722RSGNTmsCggEBAI+CsmUsmQehqZLn\nRalP/8OH3IhgTvFj3x6B2lCxpxvvR1gmZ/itm+aT6SpVXeXWjv1Tm1GpTOaVTfjY\npemcnAC+dTyr3A3wlUKNp4AkIdOA1Dtu3kRab8MHunoJ9htiZpScEil4Mo72Nea4\nVs8KHQjqFQEMn6QZOgcKwQXBT7DUSO+3FIGcrhtWlw83dphRGODcuNoHwJEhp9G2\n+e8dOyfoZeHT7Z5I1rEfI1v++T6yAAM52EvE0whD8C0XGi0YnWOC/fpBC9ry1tJ4\n4un3Yi/obuirJs8xz40oGNztoEGtiuacu5Civc5vwyX46LsshO/SLyGkmlfGAyiQ\nYWHODqkCggEAW1ClpKoxTkHnNaUGQsl7A4jbrtU2hd9iAYpYZILcRNcTSGfzc5GU\nuaN9QgAaNX9ZSkpks1RsFiiML33BvasTCFeuXrmv+nvTzl/hJ6qzyDi5N224LMuL\nWPOxHa/6Wv/xfw70CzG4zxcm4pbG1jERFUhmHpg1JGzNxA2xJznMw7mmsdMtkur/\n0kDXsyMxKeDzvhZTrbrz3uppOWZQn8pAfcdNJINE2+gVpwx2b4EzoHCE28KSD/dd\nTJDoJkpzUzpnltiyT9FtSswDbwdSaqwp5mYLRpoZW0AG7cr19dtJyZD1WjNLDnp1\nHFxAqGyNXyp5kvb3Bo2fJMwK+4AWY+KWgwKCAQEAx6BfKySe23NX0+iC3ZYJWtKD\nnDFFEkD5b+vY1HSIQWn8fmrE1TdAVfStsXGAJB0dSEbkkkL7GYauLUKUoqh0GEtb\nbZfFen+ZZCFSyYVnVKwrX7nCDbSkxkcw3T/hSf+6KIUeeR+RxXYTbhO6t60rwDOS\nmnR2RLR2qIVrLcgoyeKaB3RsLQwLTD0T8yF4uz5MvSf8DJlU6yLdAohbqU5CmY7+\nfrcObhP+YLoUgiB7sYrSqi76Qw1VB7Kn6T4BUxWUFZaIV50YDUvDvklYJdhAZTyA\nObc1glaOUAr+HowIjGFdOzjPrc2y9VNVYEdStfUfi3NXjGqoSbO4gH7MJwKF4A==\n-----END RSA PRIVATE KEY-----\n",
            "private_key_pem_pkcs8": "-----BEGIN PRIVATE KEY-----\nMIIJRAIBADANBgkqhkiG9w0BAQEFAASCCS4wggkqAgEAAoICAQCX3uVDMUvZhieV\nPSElzOsCd+UdzppmrrcTkkJuLVtfZvydhgWtK7T2G6ZlsZj0BiPiCh36ZDPdB6X0\nZ5GKMAD1WHic/FdR1wAYUtYKUIurbRMDo7h4IwEEvmGVVr6f/5+lZaGSrVOQms73\nugzHjx0uJkwU105UZE2CLMaebZgNfqcpTL6b/DWb9xyzxK9cMPANYJuJPNeio23l\nu1lRQ3bJaYjyZ1Wu5RSFpIxddk3sgIYHQdT+lUDMHbauPxyorrfumUS2SfzOUYbd\nvB0sf5fsxdgLB0+Ds5XwEiZe2rMVC6LEhfO0GYNoqW4NeN6kF6ENSW1Ps9v/5kNV\nnhRuA1cROtF1IyS703mZwId/oyMHkmEZ8ReA3Mubm1+uAbXuIRk8qYyvjlZaI2zi\nY8SQpGzRITanPRxRGjz16KFw817SYzXkUbfB3cudYTJ+m3R0tAfscpFLOQUPzTu5\nzBg1THYQ0HRExoJCLWK2AIIQvH1hrrA/RYMnOSwEJK7pKfpKEouHemQK5ekJyP+0\n+NKPlSiXypJ1frdpF7TzN1RglH0Kyqr1TixEEkNtbFbW8nc0W6lYl1JlpdEKgV8p\n/TuZG3GLdz6EoCZzY/aY6fnixCJNmG7UJZr6opDEb+hOrKktVwTk1ybiOZU8Y8sx\ngrxosO44O/8X+QGd0dE6Pp/mmhPbQwIDAQABAoICAQCBA8+LZ0NiRP83XrjcHdq/\nPA8dZTfxZxcLv0JDyrBGuXx8bTBBTlHqiM6wsVCYbObqzWFuJtWQPUEUAS+4TtNh\nmYjNA+lCEv13rFc8Z/Re6sguXVUGaeYhm4HWldxWm5eJsG6z5h6JR5nvBNR6au+F\nFu+m/MkEFDlsDpGkYMG9JQzontOGO5lnJ2Pwq3O1Q7WKB7nZuiANf/yKHr/fswok\nTE0UcAhwDReD+KdtdmT4Nq6lV52TsENdoxhfqim0esiyHu4qVWw38TY7A+Vcuf/c\nGq5PoCRCY7tKOID0L6HWjQ33GTxQkSP7M4PUWgv5JkGgwfHktYx9NaWaBDKiyp+Z\nKl4Sq3PP23Em9F0Luhf9Uj2suc0U8wXxaTjyQKQAcg2f0kwP5pvzIURfu4vqZVBs\nGDLs4TdutAGDXZpYDsnyV34NUYuLXxjsslPKb4SkqK3MsProSyotvgmRXz7EHb2N\nb1aSK7I4Tj6rcuiFJDivYCWOVNnyKugM+eWIlri1RLjUHWAGSaDYH0cE/rPzKxen\nZCZ8U4M9SXfR6tOXKBPfrhNBs3Dp4ArUOnZEp26h55L3Eee9k6aXvBQw67tWrCBG\n2jlDb9661q5HHjlvX8t5A9NVQNyersyXNNXola2oHuUwhJS5s52WGHLmP3yn0AmT\n+/xM0EuWzys5SSIy96m2IQKCAQEAydem9DLzomuh5z/Cjytp0NPCAgmRELCC5m5g\nlgcWCKkZSQ0dWVWSJ9oRj1VtGWxATNdX08QyQfjZl8XYd5r8m1DG5Z5mKewNfQIS\nTfqHIyi/NjFKLhkKugg8+F8RSSd+3ZWN2xrWgsU5r4xk+YnqB6z26e3MBUHHg1Yb\nQ3vNZtzJx9G+ENnSPFwoObMxq1ZJ3CfOrgSCH20p8U16kHPTAAZnndKbMXx4U9ji\nzlpymeyksT5yW/acHDBqMSqlLmDks5CzkeslTFSulPXfECuUHhldSYlRS529a0cb\nnNDGevmGnkcXnWhqD59Q122Ay1kB7iPTWDE/VJd+jjaFdY+siQKCAQEAwJ686ivv\nGIXskSclaj/GGX4ed8vnNRZ3/pXt8hGXCjhYILjMo0lxbgsU4izXoVrZdbfk45cn\nJtbLxMnzBqPDFk+RkxZ5vC96zFvrIh6ZCSiTdZjJM6tDi4xdQIjHn6Wp62u+VKLy\n5bTrX7Oc7vvyxRcGbUtd2PF5lY4FhzanbWLBrbvJXxU5L46SUiQTdF7eeysATirP\ncTU4tmQHy69aFcz0SjGhhDsKz8Yae3HO42avl0B9qQRJbo3YMg2TbkUfHYJBPxKs\nEFNONjk+up45UfXHse6D1InikPPLgNJoG5OF+q61gLVvcvJ4dDCpgVqq9AQBIhOb\nqPtXvbZFIY1OawKCAQEAj4KyZSyZB6GpkudFqU//w4fciGBO8WPfHoHaULGnG+9H\nWCZn+K2b5pPpKlVd5daO/VObUalM5pVN+Nil6ZycAL51PKvcDfCVQo2ngCQh04DU\nO27eRFpvwwe6egn2G2JmlJwSKXgyjvY15rhWzwodCOoVAQyfpBk6BwrBBcFPsNRI\n77cUgZyuG1aXDzd2mFEY4Ny42gfAkSGn0bb57x07J+hl4dPtnkjWsR8jW/75PrIA\nAznYS8TTCEPwLRcaLRidY4L9+kEL2vLW0nji6fdiL+hu6KsmzzHPjSgY3O2gQa2K\n5py7kKK9zm/DJfjouyyE79IvIaSaV8YDKJBhYc4OqQKCAQBbUKWkqjFOQec1pQZC\nyXsDiNuu1TaF32IBilhkgtxE1xNIZ/NzkZS5o31CABo1f1lKSmSzVGwWKIwvfcG9\nqxMIV65eua/6e9POX+EnqrPIOLk3bbgsy4tY87Edr/pa//F/DvQLMbjPFybilsbW\nMREVSGYemDUkbM3EDbEnOczDuaax0y2S6v/SQNezIzEp4PO+FlOtuvPe6mk5ZlCf\nykB9x00kg0Tb6BWnDHZvgTOgcITbwpIP911MkOgmSnNTOmeW2LJP0W1KzANvB1Jq\nrCnmZgtGmhlbQAbtyvX120nJkPVaM0sOenUcXECobI1fKnmS9vcGjZ8kzAr7gBZj\n4paDAoIBAQDHoF8rJJ7bc1fT6ILdlgla0oOcMUUSQPlv69jUdIhBafx+asTVN0BV\n9K2xcYAkHR1IRuSSQvsZhq4tQpSiqHQYS1ttl8V6f5lkIVLJhWdUrCtfucINtKTG\nRzDdP+FJ/7oohR55H5HFdhNuE7q3rSvAM5KadHZEtHaohWstyCjJ4poHdGwtDAtM\nPRPzIXi7Pky9J/wMmVTrIt0CiFupTkKZjv5+tw5uE/5guhSCIHuxitKqLvpDDVUH\nsqfpPgFTFZQVlohXnRgNS8O+SVgl2EBlPIA5tzWCVo5QCv4ejAiMYV07OM+tzbL1\nU1VgR1K19R+Lc1eMaqhJs7iAfswnAoXg\n-----END PRIVATE KEY-----\n",
            "public_key_fingerprint_md5": "a7:e4:0c:9a:41:1a:d2:99:e9:03:b4:7a:fd:c7:f1:e1",
            "public_key_fingerprint_sha256": "SHA256:EgfMZDLwuaAde0B2H+SYXZ6RBeSZcJUwq5x0efOFmj8",
            "public_key_openssh": "ssh-rsa AAAAB3NzaC1yc2EAAAADAQABAAACAQCX3uVDMUvZhieVPSElzOsCd+UdzppmrrcTkkJuLVtfZvydhgWtK7T2G6ZlsZj0BiPiCh36ZDPdB6X0Z5GKMAD1WHic/FdR1wAYUtYKUIurbRMDo7h4IwEEvmGVVr6f/5+lZaGSrVOQms73ugzHjx0uJkwU105UZE2CLMaebZgNfqcpTL6b/DWb9xyzxK9cMPANYJuJPNeio23lu1lRQ3bJaYjyZ1Wu5RSFpIxddk3sgIYHQdT+lUDMHbauPxyorrfumUS2SfzOUYbdvB0sf5fsxdgLB0+Ds5XwEiZe2rMVC6LEhfO0GYNoqW4NeN6kF6ENSW1Ps9v/5kNVnhRuA1cROtF1IyS703mZwId/oyMHkmEZ8ReA3Mubm1+uAbXuIRk8qYyvjlZaI2ziY8SQpGzRITanPRxRGjz16KFw817SYzXkUbfB3cudYTJ+m3R0tAfscpFLOQUPzTu5zBg1THYQ0HRExoJCLWK2AIIQvH1hrrA/RYMnOSwEJK7pKfpKEouHemQK5ekJyP+0+NKPlSiXypJ1frdpF7TzN1RglH0Kyqr1TixEEkNtbFbW8nc0W6lYl1JlpdEKgV8p/TuZG3GLdz6EoCZzY/aY6fnixCJNmG7UJZr6opDEb+hOrKktVwTk1ybiOZU8Y8sxgrxosO44O/8X+QGd0dE6Pp/mmhPbQw==\n",
            "public_key_pem": "-----BEGIN PUBLIC KEY-----\nMIICIjANBgkqhkiG9w0BAQEFAAOCAg8AMIICCgKCAgEAl97lQzFL2YYnlT0hJczr\nAnflHc6aZq63E5JCbi1bX2b8nYYFrSu09humZbGY9AYj4god+mQz3Qel9GeRijAA\n9Vh4nPxXUdcAGFLWClCLq20TA6O4eCMBBL5hlVa+n/+fpWWhkq1TkJrO97oMx48d\nLiZMFNdOVGRNgizGnm2YDX6nKUy+m/w1m/ccs8SvXDDwDWCbiTzXoqNt5btZUUN2\nyWmI8mdVruUUhaSMXXZN7ICGB0HU/pVAzB22rj8cqK637plEtkn8zlGG3bwdLH+X\n7MXYCwdPg7OV8BImXtqzFQuixIXztBmDaKluDXjepBehDUltT7Pb/+ZDVZ4UbgNX\nETrRdSMku9N5mcCHf6MjB5JhGfEXgNzLm5tfrgG17iEZPKmMr45WWiNs4mPEkKRs\n0SE2pz0cURo89eihcPNe0mM15FG3wd3LnWEyfpt0dLQH7HKRSzkFD807ucwYNUx2\nENB0RMaCQi1itgCCELx9Ya6wP0WDJzksBCSu6Sn6ShKLh3pkCuXpCcj/tPjSj5Uo\nl8qSdX63aRe08zdUYJR9Csqq9U4sRBJDbWxW1vJ3NFupWJdSZaXRCoFfKf07mRtx\ni3c+hKAmc2P2mOn54sQiTZhu1CWa+qKQxG/oTqypLVcE5Ncm4jmVPGPLMYK8aLDu\nODv/F/kBndHROj6f5poT20MCAwEAAQ==\n-----END PUBLIC KEY-----\n",
            "rsa_bits": 4096
          },
          "sensitive_attributes": []
        }
      ]
    },
    {
      "module": "module.DynamoDB",
      "mode": "managed",
      "type": "aws_dynamodb_table",
      "name": "basicdynamodbtable",
      "provider": "provider[\"registry.terraform.io/hashicorp/aws\"]",
      "instances": [
        {
          "schema_version": 1,
          "attributes": {
            "arn": "arn:aws:dynamodb:ca-central-1:888659321129:table/DynamoDBwithTerraform",
            "attribute": [
              {
                "name": "Name",
                "type": "S"
              },
              {
                "name": "UserId",
                "type": "S"
              }
            ],
            "billing_mode": "PROVISIONED",
            "deletion_protection_enabled": false,
            "global_secondary_index": [],
            "hash_key": "UserId",
            "id": "DynamoDBwithTerraform",
            "import_table": [],
            "local_secondary_index": [],
            "name": "DynamoDBwithTerraform",
            "point_in_time_recovery": [
              {
                "enabled": false
              }
            ],
            "range_key": "Name",
            "read_capacity": 20,
            "replica": [],
            "restore_date_time": null,
            "restore_source_name": null,
            "restore_to_latest_time": null,
            "server_side_encryption": [],
            "stream_arn": "",
            "stream_enabled": false,
            "stream_label": "",
            "stream_view_type": "",
            "table_class": "STANDARD",
            "tags": {},
            "tags_all": {},
            "timeouts": null,
            "ttl": [
              {
                "attribute_name": "",
                "enabled": false
              }
            ],
            "write_capacity": 20
          },
          "sensitive_attributes": [],
          "private": "eyJlMmJmYjczMC1lY2FhLTExZTYtOGY4OC0zNDM2M2JjN2M0YzAiOnsiY3JlYXRlIjoxODAwMDAwMDAwMDAwLCJkZWxldGUiOjYwMDAwMDAwMDAwMCwidXBkYXRlIjozNjAwMDAwMDAwMDAwfSwic2NoZW1hX3ZlcnNpb24iOiIxIn0="
        }
      ]
    },
    {
      "module": "module.autoscaling-alb",
      "mode": "managed",
      "type": "aws_autoscaling_group",
      "name": "TestASG",
      "provider": "provider[\"registry.terraform.io/hashicorp/aws\"]",
      "instances": [
        {
          "schema_version": 1,
          "attributes": {
            "arn": "arn:aws:autoscaling:ca-central-1:888659321129:autoScalingGroup:7c25a1be-ad5d-47d7-9fce-254a22a00db8:autoScalingGroupName/terraform-2024030823041554570000000a",
            "availability_zones": [
              "ca-central-1a",
              "ca-central-1b"
            ],
            "capacity_rebalance": false,
            "context": "",
            "default_cooldown": 300,
            "default_instance_warmup": 0,
            "desired_capacity": 1,
            "desired_capacity_type": "",
            "enabled_metrics": [
              "GroupDesiredCapacity",
              "GroupInServiceInstances",
              "GroupMaxSize",
              "GroupMinSize",
              "GroupTotalInstances"
            ],
            "force_delete": false,
            "force_delete_warm_pool": false,
            "health_check_grace_period": 300,
            "health_check_type": "EC2",
            "id": "terraform-2024030823041554570000000a",
            "ignore_failed_scaling_activities": false,
            "initial_lifecycle_hook": [],
            "instance_maintenance_policy": [],
            "instance_refresh": [],
            "launch_configuration": "",
            "launch_template": [
              {
                "id": "lt-02d967eee8f01f741",
                "name": "acrapovici",
                "version": "1"
              }
            ],
            "load_balancers": [],
            "max_instance_lifetime": 0,
            "max_size": 2,
            "metrics_granularity": "1Minute",
            "min_elb_capacity": null,
            "min_size": 1,
            "mixed_instances_policy": [],
            "name": "terraform-2024030823041554570000000a",
            "name_prefix": "terraform-",
            "placement_group": "",
            "predicted_capacity": 0,
            "protect_from_scale_in": false,
            "service_linked_role_arn": "arn:aws:iam::888659321129:role/aws-service-role/autoscaling.amazonaws.com/AWSServiceRoleForAutoScaling",
            "suspended_processes": [],
            "tag": [],
            "target_group_arns": [],
            "termination_policies": [],
            "timeouts": null,
            "traffic_source": [],
            "vpc_zone_identifier": [
              "subnet-06f8e12ce849ef6c4",
              "subnet-07607027b09b830ec"
            ],
            "wait_for_capacity_timeout": "10m",
            "wait_for_elb_capacity": null,
            "warm_pool": [],
            "warm_pool_size": 0
          },
          "sensitive_attributes": [],
          "private": "eyJlMmJmYjczMC1lY2FhLTExZTYtOGY4OC0zNDM2M2JjN2M0YzAiOnsiZGVsZXRlIjo2MDAwMDAwMDAwMDAsInVwZGF0ZSI6NjAwMDAwMDAwMDAwfSwic2NoZW1hX3ZlcnNpb24iOiIxIn0=",
          "dependencies": [
            "module.autoscaling-alb.aws_launch_template.LT-demo",
            "module.vpc.aws_security_group.ALB-Security-Group",
            "module.vpc.aws_security_group.AutoScaling-SG",
            "module.vpc.aws_subnet.pub1A",
            "module.vpc.aws_subnet.pub2A",
            "module.vpc.aws_vpc.akrapovic-VPC"
          ]
        }
      ]
    },
    {
      "module": "module.autoscaling-alb",
      "mode": "managed",
      "type": "aws_autoscaling_notification",
      "name": "notifications",
      "provider": "provider[\"registry.terraform.io/hashicorp/aws\"]",
      "instances": [
        {
          "schema_version": 0,
          "attributes": {
            "group_names": [
              "terraform-2024030823041554570000000a"
            ],
            "id": "arn:aws:sns:ca-central-1:888659321129:topic-name",
            "notifications": [
              "autoscaling:EC2_INSTANCE_LAUNCH",
              "autoscaling:EC2_INSTANCE_LAUNCH_ERROR",
              "autoscaling:EC2_INSTANCE_TERMINATE",
              "autoscaling:EC2_INSTANCE_TERMINATE_ERROR"
            ],
            "topic_arn": "arn:aws:sns:ca-central-1:888659321129:topic-name"
          },
          "sensitive_attributes": [],
          "private": "bnVsbA==",
          "dependencies": [
            "module.autoscaling-alb.aws_autoscaling_group.TestASG",
            "module.autoscaling-alb.aws_launch_template.LT-demo",
            "module.sns.aws_sns_topic.topic",
            "module.vpc.aws_security_group.ALB-Security-Group",
            "module.vpc.aws_security_group.AutoScaling-SG",
            "module.vpc.aws_subnet.pub1A",
            "module.vpc.aws_subnet.pub2A",
            "module.vpc.aws_vpc.akrapovic-VPC"
          ]
        }
      ]
    },
    {
      "module": "module.autoscaling-alb",
      "mode": "managed",
      "type": "aws_autoscaling_policy",
      "name": "scale_down",
      "provider": "provider[\"registry.terraform.io/hashicorp/aws\"]",
      "instances": [
        {
          "schema_version": 0,
          "attributes": {
            "adjustment_type": "ChangeInCapacity",
            "arn": "arn:aws:autoscaling:ca-central-1:888659321129:scalingPolicy:22839663-0e67-4910-8ba3-25510ed6cc8b:autoScalingGroupName/terraform-2024030823041554570000000a:policyName/Asg-scale-down",
            "autoscaling_group_name": "terraform-2024030823041554570000000a",
            "cooldown": 300,
            "enabled": true,
            "estimated_instance_warmup": 0,
            "id": "Asg-scale-down",
            "metric_aggregation_type": "",
            "min_adjustment_magnitude": 0,
            "name": "Asg-scale-down",
            "policy_type": "SimpleScaling",
            "predictive_scaling_configuration": [],
            "scaling_adjustment": -1,
            "step_adjustment": [],
            "target_tracking_configuration": []
          },
          "sensitive_attributes": [],
          "private": "bnVsbA==",
          "dependencies": [
            "module.autoscaling-alb.aws_autoscaling_group.TestASG",
            "module.autoscaling-alb.aws_launch_template.LT-demo",
            "module.vpc.aws_security_group.ALB-Security-Group",
            "module.vpc.aws_security_group.AutoScaling-SG",
            "module.vpc.aws_subnet.pub1A",
            "module.vpc.aws_subnet.pub2A",
            "module.vpc.aws_vpc.akrapovic-VPC"
          ]
        }
      ]
    },
    {
      "module": "module.autoscaling-alb",
      "mode": "managed",
      "type": "aws_autoscaling_policy",
      "name": "scale_up",
      "provider": "provider[\"registry.terraform.io/hashicorp/aws\"]",
      "instances": [
        {
          "schema_version": 0,
          "attributes": {
            "adjustment_type": "ChangeInCapacity",
            "arn": "arn:aws:autoscaling:ca-central-1:888659321129:scalingPolicy:d4d47883-abe7-4a3c-867c-4916390cc7ca:autoScalingGroupName/terraform-2024030823041554570000000a:policyName/AutoScaling-asg-scale-up",
            "autoscaling_group_name": "terraform-2024030823041554570000000a",
            "cooldown": 300,
            "enabled": true,
            "estimated_instance_warmup": 0,
            "id": "AutoScaling-asg-scale-up",
            "metric_aggregation_type": "",
            "min_adjustment_magnitude": 0,
            "name": "AutoScaling-asg-scale-up",
            "policy_type": "SimpleScaling",
            "predictive_scaling_configuration": [],
            "scaling_adjustment": 1,
            "step_adjustment": [],
            "target_tracking_configuration": []
          },
          "sensitive_attributes": [],
          "private": "bnVsbA==",
          "dependencies": [
            "module.autoscaling-alb.aws_autoscaling_group.TestASG",
            "module.autoscaling-alb.aws_launch_template.LT-demo",
            "module.vpc.aws_security_group.ALB-Security-Group",
            "module.vpc.aws_security_group.AutoScaling-SG",
            "module.vpc.aws_subnet.pub1A",
            "module.vpc.aws_subnet.pub2A",
            "module.vpc.aws_vpc.akrapovic-VPC"
          ]
        }
      ]
    },
    {
      "module": "module.autoscaling-alb",
      "mode": "managed",
      "type": "aws_cloudwatch_metric_alarm",
      "name": "scale_down_alarm",
      "provider": "provider[\"registry.terraform.io/hashicorp/aws\"]",
      "instances": [
        {
          "schema_version": 1,
          "attributes": {
            "actions_enabled": true,
            "alarm_actions": [
              "arn:aws:autoscaling:ca-central-1:888659321129:scalingPolicy:22839663-0e67-4910-8ba3-25510ed6cc8b:autoScalingGroupName/terraform-2024030823041554570000000a:policyName/Asg-scale-down"
            ],
            "alarm_description": "asg-scale-down-cpu-alarm",
            "alarm_name": "Asg-scale-down-alarm",
            "arn": "arn:aws:cloudwatch:ca-central-1:888659321129:alarm:Asg-scale-down-alarm",
            "comparison_operator": "LessThanThreshold",
            "datapoints_to_alarm": 0,
            "dimensions": {
              "AutoScalingGroupName": "terraform-2024030823041554570000000a"
            },
            "evaluate_low_sample_count_percentiles": "",
            "evaluation_periods": 2,
            "extended_statistic": "",
            "id": "Asg-scale-down-alarm",
            "insufficient_data_actions": [],
            "metric_name": "CPUUtilization",
            "metric_query": [],
            "namespace": "AWS/EC2",
            "ok_actions": [],
            "period": 120,
            "statistic": "Average",
            "tags": {},
            "tags_all": {},
            "threshold": 70,
            "threshold_metric_id": "",
            "treat_missing_data": "missing",
            "unit": ""
          },
          "sensitive_attributes": [],
          "private": "eyJzY2hlbWFfdmVyc2lvbiI6IjEifQ==",
          "dependencies": [
            "module.autoscaling-alb.aws_autoscaling_group.TestASG",
            "module.autoscaling-alb.aws_autoscaling_policy.scale_down",
            "module.autoscaling-alb.aws_launch_template.LT-demo",
            "module.vpc.aws_security_group.ALB-Security-Group",
            "module.vpc.aws_security_group.AutoScaling-SG",
            "module.vpc.aws_subnet.pub1A",
            "module.vpc.aws_subnet.pub2A",
            "module.vpc.aws_vpc.akrapovic-VPC"
          ]
        }
      ]
    },
    {
      "module": "module.autoscaling-alb",
      "mode": "managed",
      "type": "aws_cloudwatch_metric_alarm",
      "name": "scale_up_alarm",
      "provider": "provider[\"registry.terraform.io/hashicorp/aws\"]",
      "instances": [
        {
          "schema_version": 1,
          "attributes": {
            "actions_enabled": true,
            "alarm_actions": [
              "arn:aws:autoscaling:ca-central-1:888659321129:scalingPolicy:d4d47883-abe7-4a3c-867c-4916390cc7ca:autoScalingGroupName/terraform-2024030823041554570000000a:policyName/AutoScaling-asg-scale-up"
            ],
            "alarm_description": "Asg-scale-up-cpu-alarm",
            "alarm_name": "Asg-scale-up-alarm",
            "arn": "arn:aws:cloudwatch:ca-central-1:888659321129:alarm:Asg-scale-up-alarm",
            "comparison_operator": "GreaterThanThreshold",
            "datapoints_to_alarm": 0,
            "dimensions": {
              "AutoScalingGroupName": "terraform-2024030823041554570000000a"
            },
            "evaluate_low_sample_count_percentiles": "",
            "evaluation_periods": 2,
            "extended_statistic": "",
            "id": "Asg-scale-up-alarm",
            "insufficient_data_actions": [],
            "metric_name": "CPUUtilization",
            "metric_query": [],
            "namespace": "AWS/EC2",
            "ok_actions": [],
            "period": 120,
            "statistic": "Average",
            "tags": {},
            "tags_all": {},
            "threshold": 70,
            "threshold_metric_id": "",
            "treat_missing_data": "missing",
            "unit": ""
          },
          "sensitive_attributes": [],
          "private": "eyJzY2hlbWFfdmVyc2lvbiI6IjEifQ==",
          "dependencies": [
            "module.autoscaling-alb.aws_autoscaling_group.TestASG",
            "module.autoscaling-alb.aws_autoscaling_policy.scale_up",
            "module.autoscaling-alb.aws_launch_template.LT-demo",
            "module.vpc.aws_security_group.ALB-Security-Group",
            "module.vpc.aws_security_group.AutoScaling-SG",
            "module.vpc.aws_subnet.pub1A",
            "module.vpc.aws_subnet.pub2A",
            "module.vpc.aws_vpc.akrapovic-VPC"
          ]
        }
      ]
    },
    {
      "module": "module.autoscaling-alb",
      "mode": "managed",
      "type": "aws_launch_template",
      "name": "LT-demo",
      "provider": "provider[\"registry.terraform.io/hashicorp/aws\"]",
      "instances": [
        {
          "schema_version": 0,
          "attributes": {
            "arn": "arn:aws:ec2:ca-central-1:888659321129:launch-template/lt-02d967eee8f01f741",
            "block_device_mappings": [
              {
                "device_name": "/dev/sdf",
                "ebs": [
                  {
                    "delete_on_termination": "true",
                    "encrypted": "",
                    "iops": 0,
                    "kms_key_id": "",
                    "snapshot_id": "",
                    "throughput": 0,
                    "volume_size": 20,
                    "volume_type": "gp2"
                  }
                ],
                "no_device": "",
                "virtual_name": ""
              }
            ],
            "capacity_reservation_specification": [],
            "cpu_options": [],
            "credit_specification": [],
            "default_version": 1,
            "description": "My launch template",
            "disable_api_stop": false,
            "disable_api_termination": false,
            "ebs_optimized": "true",
            "elastic_gpu_specifications": [],
            "elastic_inference_accelerator": [],
            "enclave_options": [],
            "hibernation_options": [],
            "iam_instance_profile": [],
            "id": "lt-02d967eee8f01f741",
            "image_id": "ami-09ca61dde3dc883d0",
            "instance_initiated_shutdown_behavior": "terminate",
            "instance_market_options": [],
            "instance_requirements": [],
            "instance_type": "t3.micro",
            "kernel_id": "",
            "key_name": "abkey",
            "latest_version": 1,
            "license_specification": [],
            "maintenance_options": [],
            "metadata_options": [],
            "monitoring": [
              {
                "enabled": true
              }
            ],
            "name": "acrapovici",
            "name_prefix": "",
            "network_interfaces": [
              {
                "associate_carrier_ip_address": "",
                "associate_public_ip_address": "true",
                "delete_on_termination": "",
                "description": "",
                "device_index": 0,
                "interface_type": "",
                "ipv4_address_count": 0,
                "ipv4_addresses": [],
                "ipv4_prefix_count": 0,
                "ipv4_prefixes": [],
                "ipv6_address_count": 0,
                "ipv6_addresses": [],
                "ipv6_prefix_count": 0,
                "ipv6_prefixes": [],
                "network_card_index": 0,
                "network_interface_id": "",
                "private_ip_address": "",
                "security_groups": [
                  "sg-09c62e994c3eb1275"
                ],
                "subnet_id": ""
              }
            ],
            "placement": [],
            "private_dns_name_options": [],
            "ram_disk_id": "",
            "security_group_names": [],
            "tag_specifications": [
              {
                "resource_type": "instance",
                "tags": {
                  "Name": "Akrapovic"
                }
              }
            ],
            "tags": {},
            "tags_all": {},
            "update_default_version": true,
            "user_data": "IyEvYmluL2Jhc2gNCnl1bSB1cGRhdGUgLXkNCnl1bSBpbnN0YWxsIC15IGh0dHBkDQpzeXN0ZW1jdGwgc3RhcnQgaHR0cGQNCnN5c3RlbWN0bCBlbmFibGUgaHR0cGQNCmVjaG8gIjxoMT5UaGlzIG1lc3NhZ2UgZnJvbSA6ICQoaG9zdG5hbWUgLWkpPC9oMT4iID4gL3Zhci93d3cvaHRtbC9pbmRleC5odG1s",
            "vpc_security_group_ids": []
          },
          "sensitive_attributes": [],
          "private": "bnVsbA==",
          "dependencies": [
            "module.vpc.aws_security_group.ALB-Security-Group",
            "module.vpc.aws_security_group.AutoScaling-SG",
            "module.vpc.aws_vpc.akrapovic-VPC"
          ]
        }
      ]
    },
    {
      "module": "module.autoscaling-alb",
      "mode": "managed",
      "type": "aws_lb",
      "name": "application-lb",
      "provider": "provider[\"registry.terraform.io/hashicorp/aws\"]",
      "instances": [
        {
          "schema_version": 0,
          "attributes": {
            "access_logs": [
              {
                "bucket": "",
                "enabled": false,
                "prefix": ""
              }
            ],
            "arn": "arn:aws:elasticloadbalancing:ca-central-1:888659321129:loadbalancer/app/ecommerce-lb/dae4c106ab108ba3",
            "arn_suffix": "app/ecommerce-lb/dae4c106ab108ba3",
            "connection_logs": [
              {
                "bucket": "",
                "enabled": false,
                "prefix": ""
              }
            ],
            "customer_owned_ipv4_pool": "",
            "desync_mitigation_mode": "defensive",
            "dns_name": "ecommerce-lb-967348745.ca-central-1.elb.amazonaws.com",
            "dns_record_client_routing_policy": null,
            "drop_invalid_header_fields": false,
            "enable_cross_zone_load_balancing": true,
            "enable_deletion_protection": false,
            "enable_http2": true,
            "enable_tls_version_and_cipher_suite_headers": false,
            "enable_waf_fail_open": false,
            "enable_xff_client_port": false,
            "enforce_security_group_inbound_rules_on_private_link_traffic": "",
            "id": "arn:aws:elasticloadbalancing:ca-central-1:888659321129:loadbalancer/app/ecommerce-lb/dae4c106ab108ba3",
            "idle_timeout": 60,
            "internal": false,
            "ip_address_type": "ipv4",
            "load_balancer_type": "application",
            "name": "ecommerce-lb",
            "name_prefix": "",
            "preserve_host_header": false,
            "security_groups": [
              "sg-0b39d74acd6993a6c"
            ],
            "subnet_mapping": [
              {
                "allocation_id": "",
                "ipv6_address": "",
                "outpost_id": "",
                "private_ipv4_address": "",
                "subnet_id": "subnet-06f8e12ce849ef6c4"
              },
              {
                "allocation_id": "",
                "ipv6_address": "",
                "outpost_id": "",
                "private_ipv4_address": "",
                "subnet_id": "subnet-07607027b09b830ec"
              }
            ],
            "subnets": [
              "subnet-06f8e12ce849ef6c4",
              "subnet-07607027b09b830ec"
            ],
            "tags": {
              "Name": "Webservers-LB"
            },
            "tags_all": {
              "Name": "Webservers-LB"
            },
            "timeouts": null,
            "vpc_id": "vpc-01bd9bc60f8708d50",
            "xff_header_processing_mode": "append",
            "zone_id": "ZQSVJUPU6J1EY"
          },
          "sensitive_attributes": [],
          "private": "eyJlMmJmYjczMC1lY2FhLTExZTYtOGY4OC0zNDM2M2JjN2M0YzAiOnsiY3JlYXRlIjo2MDAwMDAwMDAwMDAsImRlbGV0ZSI6NjAwMDAwMDAwMDAwLCJ1cGRhdGUiOjYwMDAwMDAwMDAwMH19",
          "dependencies": [
            "module.vpc.aws_security_group.ALB-Security-Group",
            "module.vpc.aws_subnet.pub1A",
            "module.vpc.aws_subnet.pub2A",
            "module.vpc.aws_vpc.akrapovic-VPC"
          ]
        }
      ]
    },
    {
      "module": "module.autoscaling-alb",
      "mode": "managed",
      "type": "aws_lb_listener",
      "name": "lb-https-listener",
      "provider": "provider[\"registry.terraform.io/hashicorp/aws\"]",
      "instances": [
        {
          "schema_version": 0,
          "attributes": {
            "alpn_policy": null,
            "arn": "arn:aws:elasticloadbalancing:ca-central-1:888659321129:listener/app/ecommerce-lb/dae4c106ab108ba3/aa9e118b752aa816",
            "certificate_arn": null,
            "default_action": [
              {
                "authenticate_cognito": [],
                "authenticate_oidc": [],
                "fixed_response": [],
                "forward": [],
                "order": 1,
                "redirect": [],
                "target_group_arn": "arn:aws:elasticloadbalancing:ca-central-1:888659321129:targetgroup/app-lb-tg/e4558f1a78f993e0",
                "type": "forward"
              }
            ],
            "id": "arn:aws:elasticloadbalancing:ca-central-1:888659321129:listener/app/ecommerce-lb/dae4c106ab108ba3/aa9e118b752aa816",
            "load_balancer_arn": "arn:aws:elasticloadbalancing:ca-central-1:888659321129:loadbalancer/app/ecommerce-lb/dae4c106ab108ba3",
            "mutual_authentication": [],
            "port": 80,
            "protocol": "HTTP",
            "ssl_policy": "",
            "tags": {},
            "tags_all": {},
            "timeouts": null
          },
          "sensitive_attributes": [],
          "private": "eyJlMmJmYjczMC1lY2FhLTExZTYtOGY4OC0zNDM2M2JjN2M0YzAiOnsiY3JlYXRlIjozMDAwMDAwMDAwMDAsInVwZGF0ZSI6MzAwMDAwMDAwMDAwfX0=",
          "dependencies": [
            "module.autoscaling-alb.aws_lb.application-lb",
            "module.autoscaling-alb.aws_lb_target_group.app-lb-tg",
            "module.vpc.aws_security_group.ALB-Security-Group",
            "module.vpc.aws_subnet.pub1A",
            "module.vpc.aws_subnet.pub2A",
            "module.vpc.aws_vpc.akrapovic-VPC"
          ]
        }
      ]
    },
    {
      "module": "module.autoscaling-alb",
      "mode": "managed",
      "type": "aws_lb_target_group",
      "name": "app-lb-tg",
      "provider": "provider[\"registry.terraform.io/hashicorp/aws\"]",
      "instances": [
        {
          "schema_version": 0,
          "attributes": {
            "arn": "arn:aws:elasticloadbalancing:ca-central-1:888659321129:targetgroup/app-lb-tg/e4558f1a78f993e0",
            "arn_suffix": "targetgroup/app-lb-tg/e4558f1a78f993e0",
            "connection_termination": null,
            "deregistration_delay": "300",
            "health_check": [
              {
                "enabled": true,
                "healthy_threshold": 3,
                "interval": 10,
                "matcher": "200-399",
                "path": "/",
                "port": "80",
                "protocol": "HTTP",
                "timeout": 5,
                "unhealthy_threshold": 3
              }
            ],
            "id": "arn:aws:elasticloadbalancing:ca-central-1:888659321129:targetgroup/app-lb-tg/e4558f1a78f993e0",
            "ip_address_type": "ipv4",
            "lambda_multi_value_headers_enabled": false,
            "load_balancer_arns": [
              "arn:aws:elasticloadbalancing:ca-central-1:888659321129:loadbalancer/app/ecommerce-lb/dae4c106ab108ba3"
            ],
            "load_balancing_algorithm_type": "round_robin",
            "load_balancing_anomaly_mitigation": "off",
            "load_balancing_cross_zone_enabled": "use_load_balancer_configuration",
            "name": "app-lb-tg",
            "name_prefix": "",
            "port": 80,
            "preserve_client_ip": null,
            "protocol": "HTTP",
            "protocol_version": "HTTP1",
            "proxy_protocol_v2": false,
            "slow_start": 0,
            "stickiness": [
              {
                "cookie_duration": 86400,
                "cookie_name": "",
                "enabled": false,
                "type": "lb_cookie"
              }
            ],
            "tags": {
              "Name": "webserver-target-group"
            },
            "tags_all": {
              "Name": "webserver-target-group"
            },
            "target_failover": [
              {
                "on_deregistration": null,
                "on_unhealthy": null
              }
            ],
            "target_health_state": [
              {
                "enable_unhealthy_connection_termination": null
              }
            ],
            "target_type": "instance",
            "vpc_id": "vpc-01bd9bc60f8708d50"
          },
          "sensitive_attributes": [],
          "private": "bnVsbA==",
          "dependencies": [
            "module.vpc.aws_vpc.akrapovic-VPC"
          ]
        }
      ]
    },
    {
      "module": "module.efs",
      "mode": "managed",
      "type": "aws_efs_file_system",
      "name": "efs",
      "provider": "provider[\"registry.terraform.io/hashicorp/aws\"]",
      "instances": [
        {
          "schema_version": 0,
          "attributes": {
            "arn": "arn:aws:elasticfilesystem:ca-central-1:888659321129:file-system/fs-0e05d999bae72faaf",
            "availability_zone_id": "",
            "availability_zone_name": "",
            "creation_token": "efs",
            "dns_name": "fs-0e05d999bae72faaf.efs.ca-central-1.amazonaws.com",
            "encrypted": true,
            "id": "fs-0e05d999bae72faaf",
            "kms_key_id": "arn:aws:kms:ca-central-1:888659321129:key/39eae6c0-5132-4a9f-840f-66c7ffea8a5f",
            "lifecycle_policy": [],
            "name": "EFS-demo",
            "number_of_mount_targets": 1,
            "owner_id": "888659321129",
            "performance_mode": "generalPurpose",
            "protection": [
              {
                "replication_overwrite": "ENABLED"
              }
            ],
            "provisioned_throughput_in_mibps": 0,
            "size_in_bytes": [
              {
                "value": 6144,
                "value_in_ia": 0,
                "value_in_standard": 6144
              }
            ],
            "tags": {
              "Name": "EFS-demo"
            },
            "tags_all": {
              "Name": "EFS-demo"
            },
            "throughput_mode": "bursting"
          },
          "sensitive_attributes": [],
          "private": "bnVsbA=="
        }
      ]
    },
    {
      "module": "module.efs",
      "mode": "managed",
      "type": "aws_efs_mount_target",
      "name": "efs-mt",
      "provider": "provider[\"registry.terraform.io/hashicorp/aws\"]",
      "instances": [
        {
          "schema_version": 0,
          "attributes": {
            "availability_zone_id": "cac1-az1",
            "availability_zone_name": "ca-central-1a",
            "dns_name": "fs-0e05d999bae72faaf.efs.ca-central-1.amazonaws.com",
            "file_system_arn": "arn:aws:elasticfilesystem:ca-central-1:888659321129:file-system/fs-0e05d999bae72faaf",
            "file_system_id": "fs-0e05d999bae72faaf",
            "id": "fsmt-036ab7beb83803b94",
            "ip_address": "10.0.7.48",
            "mount_target_dns_name": "ca-central-1a.fs-0e05d999bae72faaf.efs.ca-central-1.amazonaws.com",
            "network_interface_id": "eni-06b8dc8bfa73b9670",
            "owner_id": "888659321129",
            "security_groups": [
              "sg-0e2d62a70ba61afd3"
            ],
            "subnet_id": "subnet-06f8e12ce849ef6c4",
            "timeouts": null
          },
          "sensitive_attributes": [],
          "private": "eyJlMmJmYjczMC1lY2FhLTExZTYtOGY4OC0zNDM2M2JjN2M0YzAiOnsiY3JlYXRlIjoxODAwMDAwMDAwMDAwLCJkZWxldGUiOjYwMDAwMDAwMDAwMH19",
          "dependencies": [
            "module.efs.aws_efs_file_system.efs",
            "module.vpc.aws_security_group.EFS-sg",
            "module.vpc.aws_subnet.pub1A",
            "module.vpc.aws_vpc.akrapovic-VPC"
          ]
        }
      ]
    },
    {
      "module": "module.efs",
      "mode": "managed",
      "type": "null_resource",
      "name": "configure_nfs",
      "provider": "provider[\"registry.terraform.io/hashicorp/null\"]",
      "instances": [
        {
          "schema_version": 0,
          "attributes": {
            "id": "7578592269188191196",
            "triggers": null
          },
          "sensitive_attributes": [],
          "dependencies": [
            "module.autoscaling-alb.aws_autoscaling_group.TestASG",
            "module.autoscaling-alb.aws_launch_template.LT-demo",
            "module.efs.aws_efs_file_system.efs",
            "module.efs.aws_efs_mount_target.efs-mt",
            "module.vpc.aws_security_group.ALB-Security-Group",
            "module.vpc.aws_security_group.AutoScaling-SG",
            "module.vpc.aws_security_group.EFS-sg",
            "module.vpc.aws_subnet.pub1A",
            "module.vpc.aws_subnet.pub2A",
            "module.vpc.aws_vpc.akrapovic-VPC"
          ]
        }
      ]
    },
    {
      "module": "module.rds",
      "mode": "managed",
      "type": "aws_db_subnet_group",
      "name": "dg-subnet",
      "provider": "provider[\"registry.terraform.io/hashicorp/aws\"]",
      "instances": [
        {
          "schema_version": 0,
          "attributes": {
            "arn": "arn:aws:rds:ca-central-1:888659321129:subgrp:rds-db-subnet-group",
            "description": "Managed by Terraform",
            "id": "rds-db-subnet-group",
            "name": "rds-db-subnet-group",
            "name_prefix": "",
            "subnet_ids": [
              "subnet-02d2709bc1d8acd28",
              "subnet-040e30742df367168"
            ],
            "supported_network_types": [
              "IPV4"
            ],
            "tags": {},
            "tags_all": {},
            "vpc_id": "vpc-01bd9bc60f8708d50"
          },
          "sensitive_attributes": [],
          "private": "bnVsbA==",
          "dependencies": [
            "module.vpc.aws_subnet.priv1A",
            "module.vpc.aws_subnet.priv2A",
            "module.vpc.aws_vpc.akrapovic-VPC"
          ]
        }
      ]
    },
    {
      "module": "module.rds",
      "mode": "managed",
      "type": "aws_rds_cluster",
      "name": "cluste_rds",
      "provider": "provider[\"registry.terraform.io/hashicorp/aws\"]",
      "instances": [
        {
          "schema_version": 1,
          "attributes": {
            "allocated_storage": 1,
            "allow_major_version_upgrade": null,
            "apply_immediately": null,
            "arn": "arn:aws:rds:ca-central-1:888659321129:cluster:database-ecommercee",
            "availability_zones": [
              "ca-central-1a",
              "ca-central-1b"
            ],
            "backtrack_window": 0,
            "backup_retention_period": 1,
            "cluster_identifier": "database-ecommercee",
            "cluster_identifier_prefix": "",
            "cluster_members": [],
            "cluster_resource_id": "cluster-EMFBRSV6KCLK7FXSWMVIFASEBM",
            "copy_tags_to_snapshot": false,
            "database_name": null,
            "db_cluster_instance_class": "",
            "db_cluster_parameter_group_name": "default.aurora-postgresql15",
            "db_instance_parameter_group_name": null,
            "db_subnet_group_name": "rds-db-subnet-group",
            "db_system_id": "",
            "delete_automated_backups": true,
            "deletion_protection": false,
            "domain": "",
            "domain_iam_role_name": "",
            "enable_global_write_forwarding": false,
            "enable_http_endpoint": false,
            "enabled_cloudwatch_logs_exports": null,
            "endpoint": "database-ecommercee.cluster-cjtfwjss6xcj.ca-central-1.rds.amazonaws.com",
            "engine": "aurora-postgresql",
            "engine_mode": "provisioned",
            "engine_version": "15.4",
            "engine_version_actual": "15.4",
            "final_snapshot_identifier": null,
            "global_cluster_identifier": "",
            "hosted_zone_id": "Z1JG78A3UK1DU3",
            "iam_database_authentication_enabled": false,
            "iam_roles": [],
            "id": "database-ecommercee",
            "iops": 0,
            "kms_key_id": "",
            "manage_master_user_password": null,
            "master_password": "hasanovicbajram",
            "master_user_secret": [],
            "master_user_secret_kms_key_id": null,
            "master_username": "akrapoic",
            "network_type": "IPV4",
            "port": 5432,
            "preferred_backup_window": "05:00-07:00",
            "preferred_maintenance_window": "tue:08:21-tue:08:51",
            "reader_endpoint": "database-ecommercee.cluster-ro-cjtfwjss6xcj.ca-central-1.rds.amazonaws.com",
            "replication_source_identifier": "",
            "restore_to_point_in_time": [],
            "s3_import": [],
            "scaling_configuration": [],
            "serverlessv2_scaling_configuration": [],
            "skip_final_snapshot": true,
            "snapshot_identifier": null,
            "source_region": null,
            "storage_encrypted": false,
            "storage_type": "",
            "tags": null,
            "tags_all": {},
            "timeouts": null,
            "vpc_security_group_ids": [
              "sg-04ccec11b3dd65e0a"
            ]
          },
          "sensitive_attributes": [],
          "private": "eyJlMmJmYjczMC1lY2FhLTExZTYtOGY4OC0zNDM2M2JjN2M0YzAiOnsiY3JlYXRlIjo3MjAwMDAwMDAwMDAwLCJkZWxldGUiOjcyMDAwMDAwMDAwMDAsInVwZGF0ZSI6NzIwMDAwMDAwMDAwMH0sInNjaGVtYV92ZXJzaW9uIjoiMSJ9",
          "dependencies": [
            "module.rds.aws_db_subnet_group.dg-subnet",
            "module.vpc.aws_security_group.rds_sg",
            "module.vpc.aws_subnet.priv1A",
            "module.vpc.aws_subnet.priv2A",
            "module.vpc.aws_vpc.akrapovic-VPC"
          ]
        }
      ]
    },
    {
      "module": "module.rds",
      "mode": "managed",
      "type": "aws_rds_cluster_instance",
      "name": "example",
      "provider": "provider[\"registry.terraform.io/hashicorp/aws\"]",
      "instances": [
        {
          "schema_version": 0,
          "attributes": {
            "apply_immediately": null,
            "arn": "arn:aws:rds:ca-central-1:888659321129:db:tf-20240309000408076900000001",
            "auto_minor_version_upgrade": true,
            "availability_zone": "ca-central-1a",
            "ca_cert_identifier": "rds-ca-rsa2048-g1",
            "cluster_identifier": "database-ecommercee",
            "copy_tags_to_snapshot": false,
            "custom_iam_instance_profile": "",
            "db_parameter_group_name": "default.aurora-postgresql15",
            "db_subnet_group_name": "rds-db-subnet-group",
            "dbi_resource_id": "db-RI4MU63XULX4XL64RJMA35UHQU",
            "endpoint": "tf-20240309000408076900000001.cjtfwjss6xcj.ca-central-1.rds.amazonaws.com",
            "engine": "aurora-postgresql",
            "engine_version": "15.4",
            "engine_version_actual": "15.4",
            "id": "tf-20240309000408076900000001",
            "identifier": "tf-20240309000408076900000001",
            "identifier_prefix": "tf-",
            "instance_class": "db.t3.medium",
            "kms_key_id": "",
            "monitoring_interval": 0,
            "monitoring_role_arn": "",
            "network_type": "IPV4",
            "performance_insights_enabled": false,
            "performance_insights_kms_key_id": "",
            "performance_insights_retention_period": 0,
            "port": 5432,
            "preferred_backup_window": "05:00-07:00",
            "preferred_maintenance_window": "sat:10:04-sat:10:34",
            "promotion_tier": 0,
            "publicly_accessible": false,
            "storage_encrypted": false,
            "tags": null,
            "tags_all": {},
            "timeouts": null,
            "writer": true
          },
          "sensitive_attributes": [],
          "private": "eyJlMmJmYjczMC1lY2FhLTExZTYtOGY4OC0zNDM2M2JjN2M0YzAiOnsiY3JlYXRlIjo1NDAwMDAwMDAwMDAwLCJkZWxldGUiOjU0MDAwMDAwMDAwMDAsInVwZGF0ZSI6NTQwMDAwMDAwMDAwMH19",
          "dependencies": [
            "module.rds.aws_db_subnet_group.dg-subnet",
            "module.rds.aws_rds_cluster.cluste_rds",
            "module.vpc.aws_security_group.rds_sg",
            "module.vpc.aws_subnet.priv1A",
            "module.vpc.aws_subnet.priv2A",
            "module.vpc.aws_vpc.akrapovic-VPC"
          ]
        }
      ]
    },
    {
      "module": "module.sns",
      "mode": "managed",
      "type": "aws_sns_topic",
      "name": "topic",
      "provider": "provider[\"registry.terraform.io/hashicorp/aws\"]",
      "instances": [
        {
          "schema_version": 0,
          "attributes": {
            "application_failure_feedback_role_arn": "",
            "application_success_feedback_role_arn": "",
            "application_success_feedback_sample_rate": 0,
            "archive_policy": "",
            "arn": "arn:aws:sns:ca-central-1:888659321129:topic-name",
            "beginning_archive_time": "",
            "content_based_deduplication": false,
            "delivery_policy": "",
            "display_name": "",
            "fifo_topic": false,
            "firehose_failure_feedback_role_arn": "",
            "firehose_success_feedback_role_arn": "",
            "firehose_success_feedback_sample_rate": 0,
            "http_failure_feedback_role_arn": "",
            "http_success_feedback_role_arn": "",
            "http_success_feedback_sample_rate": 0,
            "id": "arn:aws:sns:ca-central-1:888659321129:topic-name",
            "kms_master_key_id": "",
            "lambda_failure_feedback_role_arn": "",
            "lambda_success_feedback_role_arn": "",
            "lambda_success_feedback_sample_rate": 0,
            "name": "topic-name",
            "name_prefix": "",
            "owner": "888659321129",
            "policy": "{\"Id\":\"__default_policy_ID\",\"Statement\":[{\"Action\":[\"SNS:GetTopicAttributes\",\"SNS:SetTopicAttributes\",\"SNS:AddPermission\",\"SNS:RemovePermission\",\"SNS:DeleteTopic\",\"SNS:Subscribe\",\"SNS:ListSubscriptionsByTopic\",\"SNS:Publish\"],\"Condition\":{\"StringEquals\":{\"AWS:SourceOwner\":\"888659321129\"}},\"Effect\":\"Allow\",\"Principal\":{\"AWS\":\"*\"},\"Resource\":\"arn:aws:sns:ca-central-1:888659321129:topic-name\",\"Sid\":\"__default_statement_ID\"}],\"Version\":\"2008-10-17\"}",
            "signature_version": 0,
            "sqs_failure_feedback_role_arn": "",
            "sqs_success_feedback_role_arn": "",
            "sqs_success_feedback_sample_rate": 0,
            "tags": {},
            "tags_all": {},
            "tracing_config": ""
          },
          "sensitive_attributes": [],
          "private": "bnVsbA=="
        }
      ]
    },
    {
      "module": "module.sns",
      "mode": "managed",
      "type": "aws_sns_topic_subscription",
      "name": "email-target",
      "provider": "provider[\"registry.terraform.io/hashicorp/aws\"]",
      "instances": [
        {
          "schema_version": 0,
          "attributes": {
            "arn": "arn:aws:sns:ca-central-1:888659321129:topic-name:5fc7bc37-87cf-4159-a8ca-192000b87b5c",
            "confirmation_timeout_in_minutes": 1,
            "confirmation_was_authenticated": false,
            "delivery_policy": "",
            "endpoint": "adenis.ahmeti@polymath.services",
            "endpoint_auto_confirms": false,
            "filter_policy": "",
            "filter_policy_scope": "",
            "id": "arn:aws:sns:ca-central-1:888659321129:topic-name:5fc7bc37-87cf-4159-a8ca-192000b87b5c",
            "owner_id": "888659321129",
            "pending_confirmation": true,
            "protocol": "email",
            "raw_message_delivery": false,
            "redrive_policy": "",
            "replay_policy": "",
            "subscription_role_arn": "",
            "topic_arn": "arn:aws:sns:ca-central-1:888659321129:topic-name"
          },
          "sensitive_attributes": [],
          "private": "bnVsbA==",
          "dependencies": [
            "module.sns.aws_sns_topic.topic"
          ]
        }
      ]
    },
    {
      "module": "module.vpc",
      "mode": "data",
      "type": "http",
      "name": "myip",
      "provider": "provider[\"registry.terraform.io/hashicorp/http\"]",
      "instances": [
        {
          "schema_version": 0,
          "attributes": {
            "body": "185.173.204.101\n",
            "ca_cert_pem": null,
            "id": "https://ipv4.icanhazip.com",
            "insecure": null,
            "method": null,
            "request_body": null,
            "request_headers": null,
            "request_timeout_ms": null,
            "response_body": "185.173.204.101\n",
            "response_body_base64": "MTg1LjE3My4yMDQuMTAxCg==",
            "response_headers": {
              "Access-Control-Allow-Methods": "GET",
              "Access-Control-Allow-Origin": "*",
              "Alt-Svc": "h3=\":443\"; ma=86400",
              "Cf-Ray": "8616cd09bc54710d-PRG",
              "Content-Length": "16",
              "Content-Type": "text/plain",
              "Date": "Sat, 09 Mar 2024 00:03:16 GMT",
              "Server": "cloudflare",
              "Set-Cookie": "__cf_bm=yrRVDT.djWJ9KpV9AK4IM9C.dz4cJCmoQwx376IeQu8-1709942596-1.0.1.1-TnAPQHY8rWFgZj_YClcG4xrtJ5pZM7nFWT1P8rNxC5h9oQqXO9xXqtYeku7jww3O8hK.LyxREJetgtjK3qaqYg; path=/; expires=Sat, 09-Mar-24 00:33:16 GMT; domain=.icanhazip.com; HttpOnly; Secure; SameSite=None",
              "Vary": "Accept-Encoding"
            },
            "retry": null,
            "status_code": 200,
            "url": "https://ipv4.icanhazip.com"
          },
          "sensitive_attributes": []
        }
      ]
    },
    {
      "module": "module.vpc",
      "mode": "managed",
      "type": "aws_instance",
      "name": "ec2",
      "provider": "provider[\"registry.terraform.io/hashicorp/aws\"]",
      "instances": [
        {
          "schema_version": 1,
          "attributes": {
            "ami": "ami-09ca61dde3dc883d0",
            "arn": "arn:aws:ec2:ca-central-1:888659321129:instance/i-043859575129c99e2",
            "associate_public_ip_address": true,
            "availability_zone": "ca-central-1a",
            "capacity_reservation_specification": [
              {
                "capacity_reservation_preference": "open",
                "capacity_reservation_target": []
              }
            ],
            "cpu_core_count": 1,
            "cpu_options": [
              {
                "amd_sev_snp": "",
                "core_count": 1,
                "threads_per_core": 2
              }
            ],
            "cpu_threads_per_core": 2,
            "credit_specification": [
              {
                "cpu_credits": "unlimited"
              }
            ],
            "disable_api_stop": false,
            "disable_api_termination": false,
            "ebs_block_device": [],
            "ebs_optimized": false,
            "enclave_options": [
              {
                "enabled": false
              }
            ],
            "ephemeral_block_device": [],
            "get_password_data": false,
            "hibernation": false,
            "host_id": "",
            "host_resource_group_arn": null,
            "iam_instance_profile": "",
            "id": "i-043859575129c99e2",
            "instance_initiated_shutdown_behavior": "stop",
            "instance_lifecycle": "",
            "instance_market_options": [],
            "instance_state": "running",
            "instance_type": "t3.micro",
            "ipv6_address_count": 0,
            "ipv6_addresses": [],
            "key_name": "abkey",
            "launch_template": [],
            "maintenance_options": [
              {
                "auto_recovery": "default"
              }
            ],
            "metadata_options": [
              {
                "http_endpoint": "enabled",
                "http_protocol_ipv6": "disabled",
                "http_put_response_hop_limit": 1,
                "http_tokens": "optional",
                "instance_metadata_tags": "disabled"
              }
            ],
            "monitoring": false,
            "network_interface": [],
            "outpost_arn": "",
            "password_data": "",
            "placement_group": "",
            "placement_partition_number": 0,
            "primary_network_interface_id": "eni-039baea748c11862d",
            "private_dns": "ip-10-0-7-184.ca-central-1.compute.internal",
            "private_dns_name_options": [
              {
                "enable_resource_name_dns_a_record": false,
                "enable_resource_name_dns_aaaa_record": false,
                "hostname_type": "ip-name"
              }
            ],
            "private_ip": "10.0.7.184",
            "public_dns": "",
            "public_ip": "15.157.59.210",
            "root_block_device": [
              {
                "delete_on_termination": true,
                "device_name": "/dev/xvda",
                "encrypted": false,
                "iops": 100,
                "kms_key_id": "",
                "tags": {},
                "tags_all": {},
                "throughput": 0,
                "volume_id": "vol-0f0330f48f4e0c8d3",
                "volume_size": 8,
                "volume_type": "gp2"
              }
            ],
            "secondary_private_ips": [],
            "security_groups": [],
            "source_dest_check": true,
            "spot_instance_request_id": "",
            "subnet_id": "subnet-06f8e12ce849ef6c4",
            "tags": {},
            "tags_all": {},
            "tenancy": "default",
            "timeouts": null,
            "user_data": null,
            "user_data_base64": null,
            "user_data_replace_on_change": false,
            "volume_tags": null,
            "vpc_security_group_ids": [
              "sg-0b1ef9442b85f5dc7"
            ]
          },
          "sensitive_attributes": [],
          "private": "eyJlMmJmYjczMC1lY2FhLTExZTYtOGY4OC0zNDM2M2JjN2M0YzAiOnsiY3JlYXRlIjo2MDAwMDAwMDAwMDAsImRlbGV0ZSI6MTIwMDAwMDAwMDAwMCwicmVhZCI6OTAwMDAwMDAwMDAwLCJ1cGRhdGUiOjYwMDAwMDAwMDAwMH0sInNjaGVtYV92ZXJzaW9uIjoiMSJ9",
          "dependencies": [
            "module.vpc.aws_subnet.pub1A",
            "module.vpc.aws_vpc.akrapovic-VPC"
          ]
        }
      ]
    },
    {
      "module": "module.vpc",
      "mode": "managed",
      "type": "aws_instance",
      "name": "ec2-2",
      "provider": "provider[\"registry.terraform.io/hashicorp/aws\"]",
      "instances": [
        {
          "schema_version": 1,
          "attributes": {
            "ami": "ami-09ca61dde3dc883d0",
            "arn": "arn:aws:ec2:ca-central-1:888659321129:instance/i-0979d26cacc201fe8",
            "associate_public_ip_address": true,
            "availability_zone": "ca-central-1b",
            "capacity_reservation_specification": [
              {
                "capacity_reservation_preference": "open",
                "capacity_reservation_target": []
              }
            ],
            "cpu_core_count": 1,
            "cpu_options": [
              {
                "amd_sev_snp": "",
                "core_count": 1,
                "threads_per_core": 2
              }
            ],
            "cpu_threads_per_core": 2,
            "credit_specification": [
              {
                "cpu_credits": "unlimited"
              }
            ],
            "disable_api_stop": false,
            "disable_api_termination": false,
            "ebs_block_device": [],
            "ebs_optimized": false,
            "enclave_options": [
              {
                "enabled": false
              }
            ],
            "ephemeral_block_device": [],
            "get_password_data": false,
            "hibernation": false,
            "host_id": "",
            "host_resource_group_arn": null,
            "iam_instance_profile": "",
            "id": "i-0979d26cacc201fe8",
            "instance_initiated_shutdown_behavior": "stop",
            "instance_lifecycle": "",
            "instance_market_options": [],
            "instance_state": "running",
            "instance_type": "t3.micro",
            "ipv6_address_count": 0,
            "ipv6_addresses": [],
            "key_name": "abkey",
            "launch_template": [],
            "maintenance_options": [
              {
                "auto_recovery": "default"
              }
            ],
            "metadata_options": [
              {
                "http_endpoint": "enabled",
                "http_protocol_ipv6": "disabled",
                "http_put_response_hop_limit": 1,
                "http_tokens": "optional",
                "instance_metadata_tags": "disabled"
              }
            ],
            "monitoring": false,
            "network_interface": [],
            "outpost_arn": "",
            "password_data": "",
            "placement_group": "",
            "placement_partition_number": 0,
            "primary_network_interface_id": "eni-0b088b8409a8ba267",
            "private_dns": "ip-10-0-128-221.ca-central-1.compute.internal",
            "private_dns_name_options": [
              {
                "enable_resource_name_dns_a_record": false,
                "enable_resource_name_dns_aaaa_record": false,
                "hostname_type": "ip-name"
              }
            ],
            "private_ip": "10.0.128.221",
            "public_dns": "",
            "public_ip": "35.183.70.167",
            "root_block_device": [
              {
                "delete_on_termination": true,
                "device_name": "/dev/xvda",
                "encrypted": false,
                "iops": 100,
                "kms_key_id": "",
                "tags": {},
                "tags_all": {},
                "throughput": 0,
                "volume_id": "vol-024a1279accd25ae8",
                "volume_size": 8,
                "volume_type": "gp2"
              }
            ],
            "secondary_private_ips": [],
            "security_groups": [],
            "source_dest_check": true,
            "spot_instance_request_id": "",
            "subnet_id": "subnet-07607027b09b830ec",
            "tags": {},
            "tags_all": {},
            "tenancy": "default",
            "timeouts": null,
            "user_data": null,
            "user_data_base64": null,
            "user_data_replace_on_change": false,
            "volume_tags": null,
            "vpc_security_group_ids": [
              "sg-0b1ef9442b85f5dc7"
            ]
          },
          "sensitive_attributes": [],
          "private": "eyJlMmJmYjczMC1lY2FhLTExZTYtOGY4OC0zNDM2M2JjN2M0YzAiOnsiY3JlYXRlIjo2MDAwMDAwMDAwMDAsImRlbGV0ZSI6MTIwMDAwMDAwMDAwMCwicmVhZCI6OTAwMDAwMDAwMDAwLCJ1cGRhdGUiOjYwMDAwMDAwMDAwMH0sInNjaGVtYV92ZXJzaW9uIjoiMSJ9",
          "dependencies": [
            "module.vpc.aws_subnet.pub2A",
            "module.vpc.aws_vpc.akrapovic-VPC"
          ]
        }
      ]
    },
    {
      "module": "module.vpc",
      "mode": "managed",
      "type": "aws_internet_gateway",
      "name": "kosIGW",
      "provider": "provider[\"registry.terraform.io/hashicorp/aws\"]",
      "instances": [
        {
          "schema_version": 0,
          "attributes": {
            "arn": "arn:aws:ec2:ca-central-1:888659321129:internet-gateway/igw-011153d9492364f6e",
            "id": "igw-011153d9492364f6e",
            "owner_id": "888659321129",
            "tags": {
              "Name": "kosIGW"
            },
            "tags_all": {
              "Name": "kosIGW"
            },
            "timeouts": null,
            "vpc_id": "vpc-01bd9bc60f8708d50"
          },
          "sensitive_attributes": [],
          "private": "eyJlMmJmYjczMC1lY2FhLTExZTYtOGY4OC0zNDM2M2JjN2M0YzAiOnsiY3JlYXRlIjoxMjAwMDAwMDAwMDAwLCJkZWxldGUiOjEyMDAwMDAwMDAwMDAsInVwZGF0ZSI6MTIwMDAwMDAwMDAwMH19",
          "dependencies": [
            "module.vpc.aws_vpc.akrapovic-VPC"
          ]
        }
      ]
    },
    {
      "module": "module.vpc",
      "mode": "managed",
      "type": "aws_network_acl",
      "name": "private_nacls",
      "provider": "provider[\"registry.terraform.io/hashicorp/aws\"]",
      "instances": [
        {
          "schema_version": 0,
          "attributes": {
            "arn": "arn:aws:ec2:ca-central-1:888659321129:network-acl/acl-07394b22afd4992e6",
            "egress": [
              {
                "action": "allow",
                "cidr_block": "0.0.0.0/0",
                "from_port": 0,
                "icmp_code": 0,
                "icmp_type": 0,
                "ipv6_cidr_block": "",
                "protocol": "6",
                "rule_no": 400,
                "to_port": 0
              }
            ],
            "id": "acl-07394b22afd4992e6",
            "ingress": [
              {
                "action": "allow",
                "cidr_block": "0.0.0.0/0",
                "from_port": 22,
                "icmp_code": 0,
                "icmp_type": 0,
                "ipv6_cidr_block": "",
                "protocol": "6",
                "rule_no": 100,
                "to_port": 22
              }
            ],
            "owner_id": "888659321129",
            "subnet_ids": [
              "subnet-02d2709bc1d8acd28",
              "subnet-040e30742df367168"
            ],
            "tags": {
              "Name": "main"
            },
            "tags_all": {
              "Name": "main"
            },
            "vpc_id": "vpc-01bd9bc60f8708d50"
          },
          "sensitive_attributes": [],
          "private": "bnVsbA==",
          "dependencies": [
            "module.vpc.aws_vpc.akrapovic-VPC"
          ]
        }
      ]
    },
    {
      "module": "module.vpc",
      "mode": "managed",
      "type": "aws_network_acl",
      "name": "public_nacls",
      "provider": "provider[\"registry.terraform.io/hashicorp/aws\"]",
      "instances": [
        {
          "schema_version": 0,
          "attributes": {
            "arn": "arn:aws:ec2:ca-central-1:888659321129:network-acl/acl-0a3e4b847049a8aff",
            "egress": [
              {
                "action": "allow",
                "cidr_block": "0.0.0.0/0",
                "from_port": 0,
                "icmp_code": 0,
                "icmp_type": 0,
                "ipv6_cidr_block": "",
                "protocol": "6",
                "rule_no": 400,
                "to_port": 0
              }
            ],
            "id": "acl-0a3e4b847049a8aff",
            "ingress": [
              {
                "action": "allow",
                "cidr_block": "0.0.0.0/0",
                "from_port": 443,
                "icmp_code": 0,
                "icmp_type": 0,
                "ipv6_cidr_block": "",
                "protocol": "6",
                "rule_no": 200,
                "to_port": 443
              },
              {
                "action": "allow",
                "cidr_block": "0.0.0.0/0",
                "from_port": 80,
                "icmp_code": 0,
                "icmp_type": 0,
                "ipv6_cidr_block": "",
                "protocol": "6",
                "rule_no": 100,
                "to_port": 80
              },
              {
                "action": "deny",
                "cidr_block": "0.0.0.0/0",
                "from_port": 23,
                "icmp_code": 0,
                "icmp_type": 0,
                "ipv6_cidr_block": "",
                "protocol": "6",
                "rule_no": 300,
                "to_port": 23
              }
            ],
            "owner_id": "888659321129",
            "subnet_ids": [
              "subnet-06f8e12ce849ef6c4",
              "subnet-07607027b09b830ec"
            ],
            "tags": {
              "Name": "main"
            },
            "tags_all": {
              "Name": "main"
            },
            "vpc_id": "vpc-01bd9bc60f8708d50"
          },
          "sensitive_attributes": [],
          "private": "bnVsbA==",
          "dependencies": [
            "module.vpc.aws_vpc.akrapovic-VPC"
          ]
        }
      ]
    },
    {
      "module": "module.vpc",
      "mode": "managed",
      "type": "aws_network_acl_association",
      "name": "priv1nacls",
      "provider": "provider[\"registry.terraform.io/hashicorp/aws\"]",
      "instances": [
        {
          "schema_version": 0,
          "attributes": {
            "id": "aclassoc-01457d3105ef26926",
            "network_acl_id": "acl-07394b22afd4992e6",
            "subnet_id": "subnet-040e30742df367168"
          },
          "sensitive_attributes": [],
          "private": "bnVsbA==",
          "dependencies": [
            "module.vpc.aws_network_acl.private_nacls",
            "module.vpc.aws_subnet.priv1A",
            "module.vpc.aws_vpc.akrapovic-VPC"
          ]
        }
      ]
    },
    {
      "module": "module.vpc",
      "mode": "managed",
      "type": "aws_network_acl_association",
      "name": "priv2nacls",
      "provider": "provider[\"registry.terraform.io/hashicorp/aws\"]",
      "instances": [
        {
          "schema_version": 0,
          "attributes": {
            "id": "aclassoc-0458b6340c35b0294",
            "network_acl_id": "acl-07394b22afd4992e6",
            "subnet_id": "subnet-02d2709bc1d8acd28"
          },
          "sensitive_attributes": [],
          "private": "bnVsbA==",
          "dependencies": [
            "module.vpc.aws_network_acl.private_nacls",
            "module.vpc.aws_subnet.priv2A",
            "module.vpc.aws_vpc.akrapovic-VPC"
          ]
        }
      ]
    },
    {
      "module": "module.vpc",
      "mode": "managed",
      "type": "aws_network_acl_association",
      "name": "pub1-nacls",
      "provider": "provider[\"registry.terraform.io/hashicorp/aws\"]",
      "instances": [
        {
          "schema_version": 0,
          "attributes": {
            "id": "aclassoc-0b9ab77d1d59ce250",
            "network_acl_id": "acl-0a3e4b847049a8aff",
            "subnet_id": "subnet-06f8e12ce849ef6c4"
          },
          "sensitive_attributes": [],
          "private": "bnVsbA==",
          "dependencies": [
            "module.vpc.aws_network_acl.public_nacls",
            "module.vpc.aws_subnet.pub1A",
            "module.vpc.aws_vpc.akrapovic-VPC"
          ]
        }
      ]
    },
    {
      "module": "module.vpc",
      "mode": "managed",
      "type": "aws_network_acl_association",
      "name": "pub2-nacls",
      "provider": "provider[\"registry.terraform.io/hashicorp/aws\"]",
      "instances": [
        {
          "schema_version": 0,
          "attributes": {
            "id": "aclassoc-0922fdfe886981876",
            "network_acl_id": "acl-0a3e4b847049a8aff",
            "subnet_id": "subnet-07607027b09b830ec"
          },
          "sensitive_attributes": [],
          "private": "bnVsbA==",
          "dependencies": [
            "module.vpc.aws_network_acl.public_nacls",
            "module.vpc.aws_subnet.pub2A",
            "module.vpc.aws_vpc.akrapovic-VPC"
          ]
        }
      ]
    },
    {
      "module": "module.vpc",
      "mode": "managed",
      "type": "aws_route",
      "name": "pubRT",
      "provider": "provider[\"registry.terraform.io/hashicorp/aws\"]",
      "instances": [
        {
          "schema_version": 0,
          "attributes": {
            "carrier_gateway_id": "",
            "core_network_arn": "",
            "destination_cidr_block": "0.0.0.0/0",
            "destination_ipv6_cidr_block": "",
            "destination_prefix_list_id": "",
            "egress_only_gateway_id": "",
            "gateway_id": "igw-011153d9492364f6e",
            "id": "r-rtb-0767d78c6ab9316811080289494",
            "instance_id": "",
            "instance_owner_id": "",
            "local_gateway_id": "",
            "nat_gateway_id": "",
            "network_interface_id": "",
            "origin": "CreateRoute",
            "route_table_id": "rtb-0767d78c6ab931681",
            "state": "active",
            "timeouts": null,
            "transit_gateway_id": "",
            "vpc_endpoint_id": "",
            "vpc_peering_connection_id": ""
          },
          "sensitive_attributes": [],
          "private": "eyJlMmJmYjczMC1lY2FhLTExZTYtOGY4OC0zNDM2M2JjN2M0YzAiOnsiY3JlYXRlIjozMDAwMDAwMDAwMDAsImRlbGV0ZSI6MzAwMDAwMDAwMDAwLCJ1cGRhdGUiOjEyMDAwMDAwMDAwMH19",
          "dependencies": [
            "module.vpc.aws_internet_gateway.kosIGW",
            "module.vpc.aws_route_table.pubRT1",
            "module.vpc.aws_vpc.akrapovic-VPC"
          ]
        }
      ]
    },
    {
      "module": "module.vpc",
      "mode": "managed",
      "type": "aws_route",
      "name": "pubRT2",
      "provider": "provider[\"registry.terraform.io/hashicorp/aws\"]",
      "instances": [
        {
          "schema_version": 0,
          "attributes": {
            "carrier_gateway_id": "",
            "core_network_arn": "",
            "destination_cidr_block": "0.0.0.0/0",
            "destination_ipv6_cidr_block": "",
            "destination_prefix_list_id": "",
            "egress_only_gateway_id": "",
            "gateway_id": "igw-011153d9492364f6e",
            "id": "r-rtb-0325d75c05e902e1c1080289494",
            "instance_id": "",
            "instance_owner_id": "",
            "local_gateway_id": "",
            "nat_gateway_id": "",
            "network_interface_id": "",
            "origin": "CreateRoute",
            "route_table_id": "rtb-0325d75c05e902e1c",
            "state": "active",
            "timeouts": null,
            "transit_gateway_id": "",
            "vpc_endpoint_id": "",
            "vpc_peering_connection_id": ""
          },
          "sensitive_attributes": [],
          "private": "eyJlMmJmYjczMC1lY2FhLTExZTYtOGY4OC0zNDM2M2JjN2M0YzAiOnsiY3JlYXRlIjozMDAwMDAwMDAwMDAsImRlbGV0ZSI6MzAwMDAwMDAwMDAwLCJ1cGRhdGUiOjEyMDAwMDAwMDAwMH19",
          "dependencies": [
            "module.vpc.aws_internet_gateway.kosIGW",
            "module.vpc.aws_route_table.pubRT2",
            "module.vpc.aws_vpc.akrapovic-VPC"
          ]
        }
      ]
    },
    {
      "module": "module.vpc",
      "mode": "managed",
      "type": "aws_route_table",
      "name": "privRT1",
      "provider": "provider[\"registry.terraform.io/hashicorp/aws\"]",
      "instances": [
        {
          "schema_version": 0,
          "attributes": {
            "arn": "arn:aws:ec2:ca-central-1:888659321129:route-table/rtb-0e1c703fee06ac261",
            "id": "rtb-0e1c703fee06ac261",
            "owner_id": "888659321129",
            "propagating_vgws": [],
            "route": [],
            "tags": {
              "Name": "privRT1"
            },
            "tags_all": {
              "Name": "privRT1"
            },
            "timeouts": null,
            "vpc_id": "vpc-01bd9bc60f8708d50"
          },
          "sensitive_attributes": [],
          "private": "eyJlMmJmYjczMC1lY2FhLTExZTYtOGY4OC0zNDM2M2JjN2M0YzAiOnsiY3JlYXRlIjozMDAwMDAwMDAwMDAsImRlbGV0ZSI6MzAwMDAwMDAwMDAwLCJ1cGRhdGUiOjEyMDAwMDAwMDAwMH19",
          "dependencies": [
            "module.vpc.aws_vpc.akrapovic-VPC"
          ]
        }
      ]
    },
    {
      "module": "module.vpc",
      "mode": "managed",
      "type": "aws_route_table",
      "name": "privRT2",
      "provider": "provider[\"registry.terraform.io/hashicorp/aws\"]",
      "instances": [
        {
          "schema_version": 0,
          "attributes": {
            "arn": "arn:aws:ec2:ca-central-1:888659321129:route-table/rtb-088948cb160704cac",
            "id": "rtb-088948cb160704cac",
            "owner_id": "888659321129",
            "propagating_vgws": [],
            "route": [],
            "tags": {
              "Name": "privRT2"
            },
            "tags_all": {
              "Name": "privRT2"
            },
            "timeouts": null,
            "vpc_id": "vpc-01bd9bc60f8708d50"
          },
          "sensitive_attributes": [],
          "private": "eyJlMmJmYjczMC1lY2FhLTExZTYtOGY4OC0zNDM2M2JjN2M0YzAiOnsiY3JlYXRlIjozMDAwMDAwMDAwMDAsImRlbGV0ZSI6MzAwMDAwMDAwMDAwLCJ1cGRhdGUiOjEyMDAwMDAwMDAwMH19",
          "dependencies": [
            "module.vpc.aws_vpc.akrapovic-VPC"
          ]
        }
      ]
    },
    {
      "module": "module.vpc",
      "mode": "managed",
      "type": "aws_route_table",
      "name": "pubRT1",
      "provider": "provider[\"registry.terraform.io/hashicorp/aws\"]",
      "instances": [
        {
          "schema_version": 0,
          "attributes": {
            "arn": "arn:aws:ec2:ca-central-1:888659321129:route-table/rtb-0767d78c6ab931681",
            "id": "rtb-0767d78c6ab931681",
            "owner_id": "888659321129",
            "propagating_vgws": [],
            "route": [
              {
                "carrier_gateway_id": "",
                "cidr_block": "0.0.0.0/0",
                "core_network_arn": "",
                "destination_prefix_list_id": "",
                "egress_only_gateway_id": "",
                "gateway_id": "igw-011153d9492364f6e",
                "ipv6_cidr_block": "",
                "local_gateway_id": "",
                "nat_gateway_id": "",
                "network_interface_id": "",
                "transit_gateway_id": "",
                "vpc_endpoint_id": "",
                "vpc_peering_connection_id": ""
              }
            ],
            "tags": {
              "Name": "pubRT1"
            },
            "tags_all": {
              "Name": "pubRT1"
            },
            "timeouts": null,
            "vpc_id": "vpc-01bd9bc60f8708d50"
          },
          "sensitive_attributes": [],
          "private": "eyJlMmJmYjczMC1lY2FhLTExZTYtOGY4OC0zNDM2M2JjN2M0YzAiOnsiY3JlYXRlIjozMDAwMDAwMDAwMDAsImRlbGV0ZSI6MzAwMDAwMDAwMDAwLCJ1cGRhdGUiOjEyMDAwMDAwMDAwMH19",
          "dependencies": [
            "module.vpc.aws_internet_gateway.kosIGW",
            "module.vpc.aws_vpc.akrapovic-VPC"
          ]
        }
      ]
    },
    {
      "module": "module.vpc",
      "mode": "managed",
      "type": "aws_route_table",
      "name": "pubRT2",
      "provider": "provider[\"registry.terraform.io/hashicorp/aws\"]",
      "instances": [
        {
          "schema_version": 0,
          "attributes": {
            "arn": "arn:aws:ec2:ca-central-1:888659321129:route-table/rtb-0325d75c05e902e1c",
            "id": "rtb-0325d75c05e902e1c",
            "owner_id": "888659321129",
            "propagating_vgws": [],
            "route": [
              {
                "carrier_gateway_id": "",
                "cidr_block": "0.0.0.0/0",
                "core_network_arn": "",
                "destination_prefix_list_id": "",
                "egress_only_gateway_id": "",
                "gateway_id": "igw-011153d9492364f6e",
                "ipv6_cidr_block": "",
                "local_gateway_id": "",
                "nat_gateway_id": "",
                "network_interface_id": "",
                "transit_gateway_id": "",
                "vpc_endpoint_id": "",
                "vpc_peering_connection_id": ""
              }
            ],
            "tags": {
              "Name": "pubRT2"
            },
            "tags_all": {
              "Name": "pubRT2"
            },
            "timeouts": null,
            "vpc_id": "vpc-01bd9bc60f8708d50"
          },
          "sensitive_attributes": [],
          "private": "eyJlMmJmYjczMC1lY2FhLTExZTYtOGY4OC0zNDM2M2JjN2M0YzAiOnsiY3JlYXRlIjozMDAwMDAwMDAwMDAsImRlbGV0ZSI6MzAwMDAwMDAwMDAwLCJ1cGRhdGUiOjEyMDAwMDAwMDAwMH19",
          "dependencies": [
            "module.vpc.aws_internet_gateway.kosIGW",
            "module.vpc.aws_vpc.akrapovic-VPC"
          ]
        }
      ]
    },
    {
      "module": "module.vpc",
      "mode": "managed",
      "type": "aws_route_table_association",
      "name": "private-subnet1",
      "provider": "provider[\"registry.terraform.io/hashicorp/aws\"]",
      "instances": [
        {
          "schema_version": 0,
          "attributes": {
            "gateway_id": "",
            "id": "rtbassoc-0462f81dd9ecd14ba",
            "route_table_id": "rtb-0e1c703fee06ac261",
            "subnet_id": "subnet-040e30742df367168",
            "timeouts": null
          },
          "sensitive_attributes": [],
          "private": "eyJlMmJmYjczMC1lY2FhLTExZTYtOGY4OC0zNDM2M2JjN2M0YzAiOnsiY3JlYXRlIjozMDAwMDAwMDAwMDAsImRlbGV0ZSI6MzAwMDAwMDAwMDAwLCJ1cGRhdGUiOjEyMDAwMDAwMDAwMH19",
          "dependencies": [
            "module.vpc.aws_route_table.privRT1",
            "module.vpc.aws_subnet.priv1A",
            "module.vpc.aws_vpc.akrapovic-VPC"
          ]
        }
      ]
    },
    {
      "module": "module.vpc",
      "mode": "managed",
      "type": "aws_route_table_association",
      "name": "private-subnet2",
      "provider": "provider[\"registry.terraform.io/hashicorp/aws\"]",
      "instances": [
        {
          "schema_version": 0,
          "attributes": {
            "gateway_id": "",
            "id": "rtbassoc-03c6a751caf97cae5",
            "route_table_id": "rtb-088948cb160704cac",
            "subnet_id": "subnet-02d2709bc1d8acd28",
            "timeouts": null
          },
          "sensitive_attributes": [],
          "private": "eyJlMmJmYjczMC1lY2FhLTExZTYtOGY4OC0zNDM2M2JjN2M0YzAiOnsiY3JlYXRlIjozMDAwMDAwMDAwMDAsImRlbGV0ZSI6MzAwMDAwMDAwMDAwLCJ1cGRhdGUiOjEyMDAwMDAwMDAwMH19",
          "dependencies": [
            "module.vpc.aws_route_table.privRT2",
            "module.vpc.aws_subnet.priv2A",
            "module.vpc.aws_vpc.akrapovic-VPC"
          ]
        }
      ]
    },
    {
      "module": "module.vpc",
      "mode": "managed",
      "type": "aws_route_table_association",
      "name": "public-subnet1",
      "provider": "provider[\"registry.terraform.io/hashicorp/aws\"]",
      "instances": [
        {
          "schema_version": 0,
          "attributes": {
            "gateway_id": "",
            "id": "rtbassoc-09edf55baa110c12f",
            "route_table_id": "rtb-0767d78c6ab931681",
            "subnet_id": "subnet-06f8e12ce849ef6c4",
            "timeouts": null
          },
          "sensitive_attributes": [],
          "private": "eyJlMmJmYjczMC1lY2FhLTExZTYtOGY4OC0zNDM2M2JjN2M0YzAiOnsiY3JlYXRlIjozMDAwMDAwMDAwMDAsImRlbGV0ZSI6MzAwMDAwMDAwMDAwLCJ1cGRhdGUiOjEyMDAwMDAwMDAwMH19",
          "dependencies": [
            "module.vpc.aws_internet_gateway.kosIGW",
            "module.vpc.aws_route_table.pubRT1",
            "module.vpc.aws_subnet.pub1A",
            "module.vpc.aws_vpc.akrapovic-VPC"
          ]
        }
      ]
    },
    {
      "module": "module.vpc",
      "mode": "managed",
      "type": "aws_route_table_association",
      "name": "public-subnet2",
      "provider": "provider[\"registry.terraform.io/hashicorp/aws\"]",
      "instances": [
        {
          "schema_version": 0,
          "attributes": {
            "gateway_id": "",
            "id": "rtbassoc-04bba515cceeba372",
            "route_table_id": "rtb-0325d75c05e902e1c",
            "subnet_id": "subnet-07607027b09b830ec",
            "timeouts": null
          },
          "sensitive_attributes": [],
          "private": "eyJlMmJmYjczMC1lY2FhLTExZTYtOGY4OC0zNDM2M2JjN2M0YzAiOnsiY3JlYXRlIjozMDAwMDAwMDAwMDAsImRlbGV0ZSI6MzAwMDAwMDAwMDAwLCJ1cGRhdGUiOjEyMDAwMDAwMDAwMH19",
          "dependencies": [
            "module.vpc.aws_internet_gateway.kosIGW",
            "module.vpc.aws_route_table.pubRT2",
            "module.vpc.aws_subnet.pub2A",
            "module.vpc.aws_vpc.akrapovic-VPC"
          ]
        }
      ]
    },
    {
      "module": "module.vpc",
      "mode": "managed",
      "type": "aws_security_group",
      "name": "ALB-Security-Group",
      "provider": "provider[\"registry.terraform.io/hashicorp/aws\"]",
      "instances": [
        {
          "schema_version": 1,
          "attributes": {
            "arn": "arn:aws:ec2:ca-central-1:888659321129:security-group/sg-0b39d74acd6993a6c",
            "description": "Managed by Terraform",
            "egress": [
              {
                "cidr_blocks": [
                  "0.0.0.0/0"
                ],
                "description": "",
                "from_port": 0,
                "ipv6_cidr_blocks": [],
                "prefix_list_ids": [],
                "protocol": "-1",
                "security_groups": [],
                "self": false,
                "to_port": 0
              }
            ],
            "id": "sg-0b39d74acd6993a6c",
            "ingress": [
              {
                "cidr_blocks": [
                  "0.0.0.0/0"
                ],
                "description": "HTTP",
                "from_port": 80,
                "ipv6_cidr_blocks": [],
                "prefix_list_ids": [],
                "protocol": "tcp",
                "security_groups": [],
                "self": false,
                "to_port": 80
              },
              {
                "cidr_blocks": [
                  "0.0.0.0/0"
                ],
                "description": "HTTPs",
                "from_port": 443,
                "ipv6_cidr_blocks": [],
                "prefix_list_ids": [],
                "protocol": "tcp",
                "security_groups": [],
                "self": false,
                "to_port": 443
              }
            ],
            "name": "ALB-SG",
            "name_prefix": "",
            "owner_id": "888659321129",
            "revoke_rules_on_delete": false,
            "tags": {},
            "tags_all": {},
            "timeouts": null,
            "vpc_id": "vpc-01bd9bc60f8708d50"
          },
          "sensitive_attributes": [],
          "private": "eyJlMmJmYjczMC1lY2FhLTExZTYtOGY4OC0zNDM2M2JjN2M0YzAiOnsiY3JlYXRlIjo2MDAwMDAwMDAwMDAsImRlbGV0ZSI6OTAwMDAwMDAwMDAwfSwic2NoZW1hX3ZlcnNpb24iOiIxIn0=",
          "dependencies": [
            "module.vpc.aws_vpc.akrapovic-VPC"
          ]
        }
      ]
    },
    {
      "module": "module.vpc",
      "mode": "managed",
      "type": "aws_security_group",
      "name": "AutoScaling-SG",
      "provider": "provider[\"registry.terraform.io/hashicorp/aws\"]",
      "instances": [
        {
          "schema_version": 1,
          "attributes": {
            "arn": "arn:aws:ec2:ca-central-1:888659321129:security-group/sg-09c62e994c3eb1275",
            "description": "Managed by Terraform",
            "egress": [
              {
                "cidr_blocks": [
                  "0.0.0.0/0"
                ],
                "description": "",
                "from_port": 0,
                "ipv6_cidr_blocks": [],
                "prefix_list_ids": [],
                "protocol": "-1",
                "security_groups": [],
                "self": false,
                "to_port": 0
              }
            ],
            "id": "sg-09c62e994c3eb1275",
            "ingress": [
              {
                "cidr_blocks": [
                  "0.0.0.0/0"
                ],
                "description": "SSH",
                "from_port": 22,
                "ipv6_cidr_blocks": [],
                "prefix_list_ids": [],
                "protocol": "tcp",
                "security_groups": [],
                "self": false,
                "to_port": 22
              },
              {
                "cidr_blocks": [],
                "description": "ALL TCP",
                "from_port": 0,
                "ipv6_cidr_blocks": [],
                "prefix_list_ids": [],
                "protocol": "tcp",
                "security_groups": [
                  "sg-0b39d74acd6993a6c"
                ],
                "self": false,
                "to_port": 65535
              }
            ],
            "name": "AutoScaling-SG",
            "name_prefix": "",
            "owner_id": "888659321129",
            "revoke_rules_on_delete": false,
            "tags": {},
            "tags_all": {},
            "timeouts": null,
            "vpc_id": "vpc-01bd9bc60f8708d50"
          },
          "sensitive_attributes": [],
          "private": "eyJlMmJmYjczMC1lY2FhLTExZTYtOGY4OC0zNDM2M2JjN2M0YzAiOnsiY3JlYXRlIjo2MDAwMDAwMDAwMDAsImRlbGV0ZSI6OTAwMDAwMDAwMDAwfSwic2NoZW1hX3ZlcnNpb24iOiIxIn0=",
          "dependencies": [
            "module.vpc.aws_security_group.ALB-Security-Group",
            "module.vpc.aws_vpc.akrapovic-VPC"
          ]
        }
      ]
    },
    {
      "module": "module.vpc",
      "mode": "managed",
      "type": "aws_security_group",
      "name": "EFS-sg",
      "provider": "provider[\"registry.terraform.io/hashicorp/aws\"]",
      "instances": [
        {
          "schema_version": 1,
          "attributes": {
            "arn": "arn:aws:ec2:ca-central-1:888659321129:security-group/sg-0e2d62a70ba61afd3",
            "description": "efs-sg",
            "egress": [
              {
                "cidr_blocks": [
                  "0.0.0.0/0"
                ],
                "description": "",
                "from_port": 0,
                "ipv6_cidr_blocks": [],
                "prefix_list_ids": [],
                "protocol": "-1",
                "security_groups": [],
                "self": false,
                "to_port": 0
              }
            ],
            "id": "sg-0e2d62a70ba61afd3",
            "ingress": [
              {
                "cidr_blocks": [
                  "0.0.0.0/0"
                ],
                "description": "",
                "from_port": 2049,
                "ipv6_cidr_blocks": [],
                "prefix_list_ids": [],
                "protocol": "tcp",
                "security_groups": [],
                "self": false,
                "to_port": 2049
              }
            ],
            "name": "EFS",
            "name_prefix": "",
            "owner_id": "888659321129",
            "revoke_rules_on_delete": false,
            "tags": {},
            "tags_all": {},
            "timeouts": null,
            "vpc_id": "vpc-01bd9bc60f8708d50"
          },
          "sensitive_attributes": [],
          "private": "eyJlMmJmYjczMC1lY2FhLTExZTYtOGY4OC0zNDM2M2JjN2M0YzAiOnsiY3JlYXRlIjo2MDAwMDAwMDAwMDAsImRlbGV0ZSI6OTAwMDAwMDAwMDAwfSwic2NoZW1hX3ZlcnNpb24iOiIxIn0=",
          "dependencies": [
            "module.vpc.aws_vpc.akrapovic-VPC"
          ]
        }
      ]
    },
    {
      "module": "module.vpc",
      "mode": "managed",
      "type": "aws_security_group",
      "name": "PrivSub-SG",
      "provider": "provider[\"registry.terraform.io/hashicorp/aws\"]",
      "instances": [
        {
          "schema_version": 1,
          "attributes": {
            "arn": "arn:aws:ec2:ca-central-1:888659321129:security-group/sg-032d5fcfa1d0143c4",
            "description": "Managed by Terraform",
            "egress": [
              {
                "cidr_blocks": [
                  "0.0.0.0/0"
                ],
                "description": "HTTP",
                "from_port": 0,
                "ipv6_cidr_blocks": [],
                "prefix_list_ids": [],
                "protocol": "-1",
                "security_groups": [],
                "self": false,
                "to_port": 0
              }
            ],
            "id": "sg-032d5fcfa1d0143c4",
            "ingress": [
              {
                "cidr_blocks": [
                  "0.0.0.0/0"
                ],
                "description": "SSH",
                "from_port": 22,
                "ipv6_cidr_blocks": [],
                "prefix_list_ids": [],
                "protocol": "tcp",
                "security_groups": [],
                "self": false,
                "to_port": 22
              }
            ],
            "name": "PrivateSub-SG",
            "name_prefix": "",
            "owner_id": "888659321129",
            "revoke_rules_on_delete": false,
            "tags": {},
            "tags_all": {},
            "timeouts": null,
            "vpc_id": "vpc-01bd9bc60f8708d50"
          },
          "sensitive_attributes": [],
          "private": "eyJlMmJmYjczMC1lY2FhLTExZTYtOGY4OC0zNDM2M2JjN2M0YzAiOnsiY3JlYXRlIjo2MDAwMDAwMDAwMDAsImRlbGV0ZSI6OTAwMDAwMDAwMDAwfSwic2NoZW1hX3ZlcnNpb24iOiIxIn0=",
          "dependencies": [
            "module.vpc.aws_vpc.akrapovic-VPC"
          ]
        }
      ]
    },
    {
      "module": "module.vpc",
      "mode": "managed",
      "type": "aws_security_group",
      "name": "PubSubnet-SG",
      "provider": "provider[\"registry.terraform.io/hashicorp/aws\"]",
      "instances": [
        {
          "schema_version": 1,
          "attributes": {
            "arn": "arn:aws:ec2:ca-central-1:888659321129:security-group/sg-0a7036c7a19f896bd",
            "description": "This security group is used for public subnet",
            "egress": [
              {
                "cidr_blocks": [
                  "0.0.0.0/0"
                ],
                "description": "",
                "from_port": 0,
                "ipv6_cidr_blocks": [],
                "prefix_list_ids": [],
                "protocol": "-1",
                "security_groups": [],
                "self": false,
                "to_port": 0
              }
            ],
            "id": "sg-0a7036c7a19f896bd",
            "ingress": [
              {
                "cidr_blocks": [
                  "0.0.0.0/0"
                ],
                "description": "HTTP",
                "from_port": 80,
                "ipv6_cidr_blocks": [],
                "prefix_list_ids": [],
                "protocol": "tcp",
                "security_groups": [],
                "self": false,
                "to_port": 80
              },
              {
                "cidr_blocks": [
                  "0.0.0.0/0"
                ],
                "description": "SSH",
                "from_port": 22,
                "ipv6_cidr_blocks": [],
                "prefix_list_ids": [],
                "protocol": "tcp",
                "security_groups": [],
                "self": false,
                "to_port": 22
              }
            ],
            "name": "PublicSG",
            "name_prefix": "",
            "owner_id": "888659321129",
            "revoke_rules_on_delete": false,
            "tags": {
              "Name": "PublicSG"
            },
            "tags_all": {
              "Name": "PublicSG"
            },
            "timeouts": null,
            "vpc_id": "vpc-01bd9bc60f8708d50"
          },
          "sensitive_attributes": [],
          "private": "eyJlMmJmYjczMC1lY2FhLTExZTYtOGY4OC0zNDM2M2JjN2M0YzAiOnsiY3JlYXRlIjo2MDAwMDAwMDAwMDAsImRlbGV0ZSI6OTAwMDAwMDAwMDAwfSwic2NoZW1hX3ZlcnNpb24iOiIxIn0=",
          "dependencies": [
            "module.vpc.aws_vpc.akrapovic-VPC"
          ]
        }
      ]
    },
    {
      "module": "module.vpc",
      "mode": "managed",
      "type": "aws_security_group",
      "name": "bastion-SG",
      "provider": "provider[\"registry.terraform.io/hashicorp/aws\"]",
      "instances": [
        {
          "schema_version": 1,
          "attributes": {
            "arn": "arn:aws:ec2:ca-central-1:888659321129:security-group/sg-07e012f8cc6c63c0e",
            "description": "Bastion-host-sg",
            "egress": [
              {
                "cidr_blocks": [
                  "0.0.0.0/0"
                ],
                "description": "",
                "from_port": 0,
                "ipv6_cidr_blocks": [],
                "prefix_list_ids": [],
                "protocol": "-1",
                "security_groups": [],
                "self": false,
                "to_port": 0
              }
            ],
            "id": "sg-07e012f8cc6c63c0e",
            "ingress": [
              {
                "cidr_blocks": [
                  "185.173.204.101/32"
                ],
                "description": "",
                "from_port": 22,
                "ipv6_cidr_blocks": [],
                "prefix_list_ids": [],
                "protocol": "tcp",
                "security_groups": [],
                "self": false,
                "to_port": 22
              }
            ],
            "name": "bastion-host",
            "name_prefix": "",
            "owner_id": "888659321129",
            "revoke_rules_on_delete": false,
            "tags": {},
            "tags_all": {},
            "timeouts": null,
            "vpc_id": "vpc-01bd9bc60f8708d50"
          },
          "sensitive_attributes": [],
          "private": "eyJlMmJmYjczMC1lY2FhLTExZTYtOGY4OC0zNDM2M2JjN2M0YzAiOnsiY3JlYXRlIjo2MDAwMDAwMDAwMDAsImRlbGV0ZSI6OTAwMDAwMDAwMDAwfSwic2NoZW1hX3ZlcnNpb24iOiIxIn0=",
          "dependencies": [
            "module.vpc.aws_vpc.akrapovic-VPC",
            "module.vpc.data.http.myip"
          ]
        }
      ]
    },
    {
      "module": "module.vpc",
      "mode": "managed",
      "type": "aws_security_group",
      "name": "rds_sg",
      "provider": "provider[\"registry.terraform.io/hashicorp/aws\"]",
      "instances": [
        {
          "schema_version": 1,
          "attributes": {
            "arn": "arn:aws:ec2:ca-central-1:888659321129:security-group/sg-04ccec11b3dd65e0a",
            "description": "RDS instance security group",
            "egress": [],
            "id": "sg-04ccec11b3dd65e0a",
            "ingress": [
              {
                "cidr_blocks": [
                  "0.0.0.0/0"
                ],
                "description": "",
                "from_port": 3306,
                "ipv6_cidr_blocks": [],
                "prefix_list_ids": [],
                "protocol": "tcp",
                "security_groups": [],
                "self": false,
                "to_port": 3306
              }
            ],
            "name": "rds-sg",
            "name_prefix": "",
            "owner_id": "888659321129",
            "revoke_rules_on_delete": false,
            "tags": {},
            "tags_all": {},
            "timeouts": null,
            "vpc_id": "vpc-01bd9bc60f8708d50"
          },
          "sensitive_attributes": [],
          "private": "eyJlMmJmYjczMC1lY2FhLTExZTYtOGY4OC0zNDM2M2JjN2M0YzAiOnsiY3JlYXRlIjo2MDAwMDAwMDAwMDAsImRlbGV0ZSI6OTAwMDAwMDAwMDAwfSwic2NoZW1hX3ZlcnNpb24iOiIxIn0=",
          "dependencies": [
            "module.vpc.aws_vpc.akrapovic-VPC"
          ]
        }
      ]
    },
    {
      "module": "module.vpc",
      "mode": "managed",
      "type": "aws_subnet",
      "name": "priv1A",
      "provider": "provider[\"registry.terraform.io/hashicorp/aws\"]",
      "instances": [
        {
          "schema_version": 1,
          "attributes": {
            "arn": "arn:aws:ec2:ca-central-1:888659321129:subnet/subnet-040e30742df367168",
            "assign_ipv6_address_on_creation": false,
            "availability_zone": "ca-central-1a",
            "availability_zone_id": "cac1-az1",
            "cidr_block": "10.0.4.0/24",
            "customer_owned_ipv4_pool": "",
            "enable_dns64": false,
            "enable_lni_at_device_index": 0,
            "enable_resource_name_dns_a_record_on_launch": false,
            "enable_resource_name_dns_aaaa_record_on_launch": false,
            "id": "subnet-040e30742df367168",
            "ipv6_cidr_block": "",
            "ipv6_cidr_block_association_id": "",
            "ipv6_native": false,
            "map_customer_owned_ip_on_launch": false,
            "map_public_ip_on_launch": false,
            "outpost_arn": "",
            "owner_id": "888659321129",
            "private_dns_hostname_type_on_launch": "ip-name",
            "tags": {
              "Name": "priv1A"
            },
            "tags_all": {
              "Name": "priv1A"
            },
            "timeouts": null,
            "vpc_id": "vpc-01bd9bc60f8708d50"
          },
          "sensitive_attributes": [],
          "private": "eyJlMmJmYjczMC1lY2FhLTExZTYtOGY4OC0zNDM2M2JjN2M0YzAiOnsiY3JlYXRlIjo2MDAwMDAwMDAwMDAsImRlbGV0ZSI6MTIwMDAwMDAwMDAwMH0sInNjaGVtYV92ZXJzaW9uIjoiMSJ9",
          "dependencies": [
            "module.vpc.aws_vpc.akrapovic-VPC"
          ]
        }
      ]
    },
    {
      "module": "module.vpc",
      "mode": "managed",
      "type": "aws_subnet",
      "name": "priv2A",
      "provider": "provider[\"registry.terraform.io/hashicorp/aws\"]",
      "instances": [
        {
          "schema_version": 1,
          "attributes": {
            "arn": "arn:aws:ec2:ca-central-1:888659321129:subnet/subnet-02d2709bc1d8acd28",
            "assign_ipv6_address_on_creation": false,
            "availability_zone": "ca-central-1b",
            "availability_zone_id": "cac1-az2",
            "cidr_block": "10.0.1.0/24",
            "customer_owned_ipv4_pool": "",
            "enable_dns64": false,
            "enable_lni_at_device_index": 0,
            "enable_resource_name_dns_a_record_on_launch": false,
            "enable_resource_name_dns_aaaa_record_on_launch": false,
            "id": "subnet-02d2709bc1d8acd28",
            "ipv6_cidr_block": "",
            "ipv6_cidr_block_association_id": "",
            "ipv6_native": false,
            "map_customer_owned_ip_on_launch": false,
            "map_public_ip_on_launch": false,
            "outpost_arn": "",
            "owner_id": "888659321129",
            "private_dns_hostname_type_on_launch": "ip-name",
            "tags": {
              "Name": "priv2A"
            },
            "tags_all": {
              "Name": "priv2A"
            },
            "timeouts": null,
            "vpc_id": "vpc-01bd9bc60f8708d50"
          },
          "sensitive_attributes": [],
          "private": "eyJlMmJmYjczMC1lY2FhLTExZTYtOGY4OC0zNDM2M2JjN2M0YzAiOnsiY3JlYXRlIjo2MDAwMDAwMDAwMDAsImRlbGV0ZSI6MTIwMDAwMDAwMDAwMH0sInNjaGVtYV92ZXJzaW9uIjoiMSJ9",
          "dependencies": [
            "module.vpc.aws_vpc.akrapovic-VPC"
          ]
        }
      ]
    },
    {
      "module": "module.vpc",
      "mode": "managed",
      "type": "aws_subnet",
      "name": "pub1A",
      "provider": "provider[\"registry.terraform.io/hashicorp/aws\"]",
      "instances": [
        {
          "schema_version": 1,
          "attributes": {
            "arn": "arn:aws:ec2:ca-central-1:888659321129:subnet/subnet-06f8e12ce849ef6c4",
            "assign_ipv6_address_on_creation": false,
            "availability_zone": "ca-central-1a",
            "availability_zone_id": "cac1-az1",
            "cidr_block": "10.0.7.0/24",
            "customer_owned_ipv4_pool": "",
            "enable_dns64": false,
            "enable_lni_at_device_index": 0,
            "enable_resource_name_dns_a_record_on_launch": false,
            "enable_resource_name_dns_aaaa_record_on_launch": false,
            "id": "subnet-06f8e12ce849ef6c4",
            "ipv6_cidr_block": "",
            "ipv6_cidr_block_association_id": "",
            "ipv6_native": false,
            "map_customer_owned_ip_on_launch": false,
            "map_public_ip_on_launch": true,
            "outpost_arn": "",
            "owner_id": "888659321129",
            "private_dns_hostname_type_on_launch": "ip-name",
            "tags": {
              "Name": "pub1A"
            },
            "tags_all": {
              "Name": "pub1A"
            },
            "timeouts": null,
            "vpc_id": "vpc-01bd9bc60f8708d50"
          },
          "sensitive_attributes": [],
          "private": "eyJlMmJmYjczMC1lY2FhLTExZTYtOGY4OC0zNDM2M2JjN2M0YzAiOnsiY3JlYXRlIjo2MDAwMDAwMDAwMDAsImRlbGV0ZSI6MTIwMDAwMDAwMDAwMH0sInNjaGVtYV92ZXJzaW9uIjoiMSJ9",
          "dependencies": [
            "module.vpc.aws_vpc.akrapovic-VPC"
          ]
        }
      ]
    },
    {
      "module": "module.vpc",
      "mode": "managed",
      "type": "aws_subnet",
      "name": "pub2A",
      "provider": "provider[\"registry.terraform.io/hashicorp/aws\"]",
      "instances": [
        {
          "schema_version": 1,
          "attributes": {
            "arn": "arn:aws:ec2:ca-central-1:888659321129:subnet/subnet-07607027b09b830ec",
            "assign_ipv6_address_on_creation": false,
            "availability_zone": "ca-central-1b",
            "availability_zone_id": "cac1-az2",
            "cidr_block": "10.0.128.0/24",
            "customer_owned_ipv4_pool": "",
            "enable_dns64": false,
            "enable_lni_at_device_index": 0,
            "enable_resource_name_dns_a_record_on_launch": false,
            "enable_resource_name_dns_aaaa_record_on_launch": false,
            "id": "subnet-07607027b09b830ec",
            "ipv6_cidr_block": "",
            "ipv6_cidr_block_association_id": "",
            "ipv6_native": false,
            "map_customer_owned_ip_on_launch": false,
            "map_public_ip_on_launch": true,
            "outpost_arn": "",
            "owner_id": "888659321129",
            "private_dns_hostname_type_on_launch": "ip-name",
            "tags": {
              "Name": "pub2A"
            },
            "tags_all": {
              "Name": "pub2A"
            },
            "timeouts": null,
            "vpc_id": "vpc-01bd9bc60f8708d50"
          },
          "sensitive_attributes": [],
          "private": "eyJlMmJmYjczMC1lY2FhLTExZTYtOGY4OC0zNDM2M2JjN2M0YzAiOnsiY3JlYXRlIjo2MDAwMDAwMDAwMDAsImRlbGV0ZSI6MTIwMDAwMDAwMDAwMH0sInNjaGVtYV92ZXJzaW9uIjoiMSJ9",
          "dependencies": [
            "module.vpc.aws_vpc.akrapovic-VPC"
          ]
        }
      ]
    },
    {
      "module": "module.vpc",
      "mode": "managed",
      "type": "aws_vpc",
      "name": "akrapovic-VPC",
      "provider": "provider[\"registry.terraform.io/hashicorp/aws\"]",
      "instances": [
        {
          "schema_version": 1,
          "attributes": {
            "arn": "arn:aws:ec2:ca-central-1:888659321129:vpc/vpc-01bd9bc60f8708d50",
            "assign_generated_ipv6_cidr_block": false,
            "cidr_block": "10.0.0.0/16",
            "default_network_acl_id": "acl-088b45ffa007013f2",
            "default_route_table_id": "rtb-0b4e7dd9a6217d0fa",
            "default_security_group_id": "sg-0b1ef9442b85f5dc7",
            "dhcp_options_id": "dopt-01c19369",
            "enable_dns_hostnames": false,
            "enable_dns_support": true,
            "enable_network_address_usage_metrics": false,
            "id": "vpc-01bd9bc60f8708d50",
            "instance_tenancy": "default",
            "ipv4_ipam_pool_id": null,
            "ipv4_netmask_length": null,
            "ipv6_association_id": "",
            "ipv6_cidr_block": "",
            "ipv6_cidr_block_network_border_group": "",
            "ipv6_ipam_pool_id": "",
            "ipv6_netmask_length": 0,
            "main_route_table_id": "rtb-0b4e7dd9a6217d0fa",
            "owner_id": "888659321129",
            "tags": {
              "Name": "acrapovic-VPC"
            },
            "tags_all": {
              "Name": "acrapovic-VPC"
            }
          },
          "sensitive_attributes": [],
          "private": "eyJzY2hlbWFfdmVyc2lvbiI6IjEifQ=="
        }
      ]
    }
  ],
  "check_results": null
}
